<?xml version="1.0" encoding="utf-8"?>
<Project ToolsVersion="4.0" xmlns="http://schemas.microsoft.com/developer/msbuild/2003">
  <ItemGroup>
    <Filter Include="源文件">
      <UniqueIdentifier>{4FC737F1-C7A5-4376-A066-2A32D752A2FF}</UniqueIdentifier>
      <Extensions>cpp;c;cc;cxx;def;odl;idl;hpj;bat;asm;asmx</Extensions>
    </Filter>
    <Filter Include="头文件">
      <UniqueIdentifier>{93995380-89BD-4b04-88EB-625FBE52EBFB}</UniqueIdentifier>
      <Extensions>h;hpp;hxx;hm;inl;inc;xsd</Extensions>
    </Filter>
    <Filter Include="资源文件">
      <UniqueIdentifier>{67DA6AB6-F800-4c08-8B7A-83BB121AAD01}</UniqueIdentifier>
      <Extensions>rc;ico;cur;bmp;dlg;rc2;rct;bin;rgs;gif;jpg;jpeg;jpe;resx;tiff;tif;png;wav</Extensions>
    </Filter>
  </ItemGroup>
  <ItemGroup>
    <ClCompile Include="Buffer.cpp">
      <Filter>源文件</Filter>
    </ClCompile>
    <ClCompile Include="ClientSocket.cpp">
      <Filter>源文件</Filter>
    </ClCompile>
    <ClCompile Include="Plugins\FileManager.cpp">
      <Filter>源文件</Filter>
    </ClCompile>
    <ClCompile Include="InstallService.cpp">
      <Filter>源文件</Filter>
    </ClCompile>
    <ClCompile Include="KernelManager.cpp">
      <Filter>源文件</Filter>
    </ClCompile>
    <ClCompile Include="Plugins\KeyboardManager.cpp">
      <Filter>源文件</Filter>
    </ClCompile>
    <ClCompile Include="MainDlg.cpp">
      <Filter>源文件</Filter>
    </ClCompile>
    <ClCompile Include="Manager.cpp">
      <Filter>源文件</Filter>
    </ClCompile>
    <ClCompile Include="Regeditex.cpp">
      <Filter>源文件</Filter>
    </ClCompile>
    <ClCompile Include="Plugins\RegManager.cpp">
      <Filter>源文件</Filter>
    </ClCompile>
    <ClCompile Include="Server.cpp">
      <Filter>源文件</Filter>
    </ClCompile>
    <ClCompile Include="ServerDlg.cpp">
      <Filter>源文件</Filter>
    </ClCompile>
    <ClCompile Include="Plugins\ServiceManager.cpp">
      <Filter>源文件</Filter>
    </ClCompile>
    <ClCompile Include="stdafx.cpp">
      <Filter>源文件</Filter>
    </ClCompile>
    <ClCompile Include="Plugins\SystemManager.cpp">
      <Filter>源文件</Filter>
    </ClCompile>
    <ClCompile Include="until.cpp">
      <Filter>源文件</Filter>
    </ClCompile>
    <ClCompile Include="Plugins\UrlManager.cpp">
      <Filter>源文件</Filter>
    </ClCompile>
    <ClCompile Include="Plugins\ScreenManager.cpp">
      <Filter>源文件</Filter>
    </ClCompile>
    <ClCompile Include="Plugins\ScreenSpy.cpp">
      <Filter>源文件</Filter>
    </ClCompile>
  </ItemGroup>
  <ItemGroup>
    <ClInclude Include="Buffer.h">
      <Filter>头文件</Filter>
    </ClInclude>
    <ClInclude Include="ClientSocket.h">
      <Filter>头文件</Filter>
    </ClInclude>
    <ClInclude Include="Plugins\FileManager.h">
      <Filter>头文件</Filter>
    </ClInclude>
    <ClInclude Include="InstallService.h">
      <Filter>头文件</Filter>
    </ClInclude>
    <ClInclude Include="KernelManager.h">
      <Filter>头文件</Filter>
    </ClInclude>
    <ClInclude Include="Plugins\KeyboardManager.h">
      <Filter>头文件</Filter>
    </ClInclude>
    <ClInclude Include="Login.h">
      <Filter>头文件</Filter>
    </ClInclude>
    <ClInclude Include="Loop.h">
      <Filter>头文件</Filter>
    </ClInclude>
    <ClInclude Include="MainDlg.h">
      <Filter>头文件</Filter>
    </ClInclude>
    <ClInclude Include="Manager.h">
      <Filter>头文件</Filter>
    </ClInclude>
    <ClInclude Include="..\Public\Public.h">
      <Filter>头文件</Filter>
    </ClInclude>
    <ClInclude Include="RegEditEx.h">
      <Filter>头文件</Filter>
    </ClInclude>
    <ClInclude Include="Plugins\RegManager.h">
      <Filter>头文件</Filter>
    </ClInclude>
    <ClInclude Include="Resource.h">
      <Filter>头文件</Filter>
    </ClInclude>
    <ClInclude Include="Server.h">
      <Filter>头文件</Filter>
    </ClInclude>
    <ClInclude Include="ServerDlg.h">
      <Filter>头文件</Filter>
    </ClInclude>
    <ClInclude Include="Plugins\ServiceManager.h">
      <Filter>头文件</Filter>
    </ClInclude>
    <ClInclude Include="stdafx.h">
      <Filter>头文件</Filter>
    </ClInclude>
    <ClInclude Include="Plugins\SystemManager.h">
      <Filter>头文件</Filter>
    </ClInclude>
    <ClInclude Include="targetver.h">
      <Filter>头文件</Filter>
    </ClInclude>
    <ClInclude Include="until.h">
      <Filter>头文件</Filter>
    </ClInclude>
    <ClInclude Include="Plugins\UrlManager.h">
      <Filter>头文件</Filter>
    </ClInclude>
    <ClInclude Include="Plugins\ScreenManager.h">
      <Filter>头文件</Filter>
    </ClInclude>
    <ClInclude Include="Plugins\ScreenSpy.h">
      <Filter>头文件</Filter>
    </ClInclude>
  </ItemGroup>
  <ItemGroup>
    <Image Include="C:\Users\Administrator\Desktop\bj.bmp">
      <Filter>资源文件</Filter>
    </Image>
    <Image Include="res\home.bmp">
      <Filter>资源文件</Filter>
    </Image>
    <Image Include="res\Server.ico">
      <Filter>资源文件</Filter>
    </Image>
  </ItemGroup>
  <ItemGroup>
    <ResourceCompile Include="Server.rc">
      <Filter>资源文件</Filter>
    </ResourceCompile>
  </ItemGroup>
  <ItemGroup>
    <None Include="res\Server.rc2">
      <Filter>资源文件</Filter>
    </None>
  </ItemGroup>
  <ItemGroup>
    <Text Include="ReadMe.txt" />
  </ItemGroup>
</Project>