
Microsoft Visual Studio Solution File, Format Version 12.00
# Visual Studio Version 16
VisualStudioVersion = 16.0.33328.57
MinimumVisualStudioVersion = 10.0.40219.1
Project("{8BC9CEB8-8B4A-11D0-8D11-00A0C91BC942}") = "驱动功能", "驱动功能.vcxproj", "{3E4BBCD0-DC35-4825-9A8D-8686CDFAA6A8}"
EndProject
Global
	GlobalSection(SolutionConfigurationPlatforms) = preSolution
		Debug|x64 = Debug|x64
		Debug|x86 = Debug|x86
		Release|x64 = Release|x64
		Release|x86 = Release|x86
	EndGlobalSection
	GlobalSection(ProjectConfigurationPlatforms) = postSolution
		{3E4BBCD0-DC35-4825-9A8D-8686CDFAA6A8}.Debug|x64.ActiveCfg = Debug|x64
		{3E4BBCD0-DC35-4825-9A8D-8686CDFAA6A8}.Debug|x64.Build.0 = Debug|x64
		{3E4BBCD0-DC35-4825-9A8D-8686CDFAA6A8}.Debug|x64.Deploy.0 = Debug|x64
		{3E4BBCD0-DC35-4825-9A8D-8686CDFAA6A8}.Debug|x86.ActiveCfg = Debug|Win32
		{3E4BBCD0-DC35-4825-9A8D-8686CDFAA6A8}.Debug|x86.Build.0 = Debug|Win32
		{3E4BBCD0-DC35-4825-9A8D-8686CDFAA6A8}.Debug|x86.Deploy.0 = Debug|Win32
		{3E4BBCD0-DC35-4825-9A8D-8686CDFAA6A8}.Release|x64.ActiveCfg = Release|x64
		{3E4BBCD0-DC35-4825-9A8D-8686CDFAA6A8}.Release|x64.Build.0 = Release|x64
		{3E4BBCD0-DC35-4825-9A8D-8686CDFAA6A8}.Release|x64.Deploy.0 = Release|x64
		{3E4BBCD0-DC35-4825-9A8D-8686CDFAA6A8}.Release|x86.ActiveCfg = Release|Win32
		{3E4BBCD0-DC35-4825-9A8D-8686CDFAA6A8}.Release|x86.Build.0 = Release|Win32
		{3E4BBCD0-DC35-4825-9A8D-8686CDFAA6A8}.Release|x86.Deploy.0 = Release|Win32
	EndGlobalSection
	GlobalSection(SolutionProperties) = preSolution
		HideSolutionNode = FALSE
	EndGlobalSection
	GlobalSection(ExtensibilityGlobals) = postSolution
		SolutionGuid = {A4C0B8AD-21F1-4DE8-93B9-1885198D8894}
	EndGlobalSection
EndGlobal
