<?xml version="1.0" encoding="utf-8"?>
<Project ToolsVersion="4.0" xmlns="http://schemas.microsoft.com/developer/msbuild/2003">
  <ItemGroup>
    <ClCompile Include="KernrlManager.cpp" />
    <ClCompile Include="驱动插件.cpp" />
    <ClCompile Include="..\..\HPSocket\Buffer.cpp">
      <Filter>HPSocket</Filter>
    </ClCompile>
    <ClCompile Include="..\..\HPSocket\BufferPool.cpp">
      <Filter>HPSocket</Filter>
    </ClCompile>
    <ClCompile Include="..\..\HPSocket\ikcp.cpp">
      <Filter>HPSocket</Filter>
    </ClCompile>
    <ClCompile Include="..\..\HPSocket\Manager.cpp">
      <Filter>HPSocket</Filter>
    </ClCompile>
    <ClCompile Include="..\..\HPSocket\RWLock.cpp">
      <Filter>HPSocket</Filter>
    </ClCompile>
    <ClCompile Include="..\..\HPSocket\SocketHelper.cpp">
      <Filter>HPSocket</Filter>
    </ClCompile>
    <ClCompile Include="..\..\HPSocket\stdafx.cpp">
      <Filter>HPSocket</Filter>
    </ClCompile>
    <ClCompile Include="..\..\HPSocket\SysHelper.cpp">
      <Filter>HPSocket</Filter>
    </ClCompile>
    <ClCompile Include="..\..\HPSocket\TcpSocket.cpp">
      <Filter>HPSocket</Filter>
    </ClCompile>
    <ClCompile Include="..\..\HPSocket\UdpSocket.cpp">
      <Filter>HPSocket</Filter>
    </ClCompile>
    <ClCompile Include="..\..\HPSocket\WaitFor.cpp">
      <Filter>HPSocket</Filter>
    </ClCompile>
    <ClCompile Include="HiddenLib.cpp" />
    <ClCompile Include="CloseNet.cpp" />
  </ItemGroup>
  <ItemGroup>
    <ClInclude Include="..\..\HPSocket\ArqHelper.h">
      <Filter>HPSocket</Filter>
    </ClInclude>
    <ClInclude Include="..\..\HPSocket\Buffer.h">
      <Filter>HPSocket</Filter>
    </ClInclude>
    <ClInclude Include="..\..\HPSocket\BufferPool.h">
      <Filter>HPSocket</Filter>
    </ClInclude>
    <ClInclude Include="..\..\HPSocket\BufferPtr.h">
      <Filter>HPSocket</Filter>
    </ClInclude>
    <ClInclude Include="..\..\HPSocket\CriticalSection.h">
      <Filter>HPSocket</Filter>
    </ClInclude>
    <ClInclude Include="..\..\HPSocket\GeneralHelper.h">
      <Filter>HPSocket</Filter>
    </ClInclude>
    <ClInclude Include="..\..\HPSocket\ikcp.h">
      <Filter>HPSocket</Filter>
    </ClInclude>
    <ClInclude Include="..\..\HPSocket\ISocketBase.h">
      <Filter>HPSocket</Filter>
    </ClInclude>
    <ClInclude Include="..\..\HPSocket\Manager.h">
      <Filter>HPSocket</Filter>
    </ClInclude>
    <ClInclude Include="..\..\HPSocket\PrivateHeap.h">
      <Filter>HPSocket</Filter>
    </ClInclude>
    <ClInclude Include="..\..\HPSocket\RingBuffer.h">
      <Filter>HPSocket</Filter>
    </ClInclude>
    <ClInclude Include="..\..\HPSocket\RWLock.h">
      <Filter>HPSocket</Filter>
    </ClInclude>
    <ClInclude Include="..\..\HPSocket\Semaphore.h">
      <Filter>HPSocket</Filter>
    </ClInclude>
    <ClInclude Include="..\..\HPSocket\Singleton.h">
      <Filter>HPSocket</Filter>
    </ClInclude>
    <ClInclude Include="..\..\HPSocket\SocketHelper.h">
      <Filter>HPSocket</Filter>
    </ClInclude>
    <ClInclude Include="..\..\HPSocket\stdafx.h">
      <Filter>HPSocket</Filter>
    </ClInclude>
    <ClInclude Include="..\..\HPSocket\STLHelper.h">
      <Filter>HPSocket</Filter>
    </ClInclude>
    <ClInclude Include="..\..\HPSocket\SysHelper.h">
      <Filter>HPSocket</Filter>
    </ClInclude>
    <ClInclude Include="..\..\HPSocket\targetver.h">
      <Filter>HPSocket</Filter>
    </ClInclude>
    <ClInclude Include="..\..\HPSocket\TcpSocket.h">
      <Filter>HPSocket</Filter>
    </ClInclude>
    <ClInclude Include="..\..\HPSocket\UdpSocket.h">
      <Filter>HPSocket</Filter>
    </ClInclude>
    <ClInclude Include="..\..\HPSocket\WaitFor.h">
      <Filter>HPSocket</Filter>
    </ClInclude>
    <ClInclude Include="..\..\HPSocket\Win32Helper.h">
      <Filter>HPSocket</Filter>
    </ClInclude>
    <ClInclude Include="..\..\HPSocket\zconf.h">
      <Filter>HPSocket</Filter>
    </ClInclude>
    <ClInclude Include="..\..\HPSocket\zlib.h">
      <Filter>HPSocket</Filter>
    </ClInclude>
    <ClInclude Include="KernrlManager.h" />
    <ClInclude Include="HiddenLib.h" />
    <ClInclude Include="C_Hidden64.h" />
    <ClInclude Include="DeviceAPI.h" />
    <ClInclude Include="CloseNet.h" />
    <ClInclude Include="ntdef.h" />
  </ItemGroup>
  <ItemGroup>
    <Filter Include="HPSocket">
      <UniqueIdentifier>{33761179-1bdd-44b1-97d9-d35d4921f118}</UniqueIdentifier>
    </Filter>
  </ItemGroup>
</Project>